// !$*UTF8*$!
{
	archiveVersion = 1;
	classes = {
	};
	objectVersion = 42;
	objects = {

/* Begin PBXBuildFile section */
		780934E80B310E6900E2F980 /* RepeatCountPanel.nib in Resources */ = {isa = PBXBuildFile; fileRef = 780934E70B310E6900E2F980 /* RepeatCountPanel.nib */; };
		78124F860AAB6C6500D20E98 /* ScoreView.m in Sources */ = {isa = PBXBuildFile; fileRef = 78124F850AAB6C6500D20E98 /* ScoreView.m */; };
		7813C3880B1168E300CE7F59 /* stop.png in Resources */ = {isa = PBXBuildFile; fileRef = 7813C3870B1168E300CE7F59 /* stop.png */; };
		7813C38A0B1168FE00CE7F59 /* play.png in Resources */ = {isa = PBXBuildFile; fileRef = 7813C3890B1168FE00CE7F59 /* play.png */; };
		7841FD2E0A09D29B00292132 /* MusicDocument.nib in Resources */ = {isa = PBXBuildFile; fileRef = 7841FD2C0A09D29B00292132 /* MusicDocument.nib */; };
		7841FD7F0A0B073B00292132 /* MEWindowController.m in Sources */ = {isa = PBXBuildFile; fileRef = 7841FD7E0A0B073B00292132 /* MEWindowController.m */; };
		7841FD8C0A0B08B800292132 /* Song.m in Sources */ = {isa = PBXBuildFile; fileRef = 7841FD8B0A0B08B800292132 /* Song.m */; };
		7841FDD80A0B1E3100292132 /* Measure.m in Sources */ = {isa = PBXBuildFile; fileRef = 7841FDD70A0B1E3100292132 /* Measure.m */; };
		784AFBB80A7F1C9A00832B7C /* NoteBase.m in Sources */ = {isa = PBXBuildFile; fileRef = 784AFBB70A7F1C9A00832B7C /* NoteBase.m */; };
		784E44080A957C2500BE86EF /* NoteTest.m in Sources */ = {isa = PBXBuildFile; fileRef = 784E44070A957C2500BE86EF /* NoteTest.m */; };
		785EE9CF0A589031005ABDAB /* StaffHorizontalRulerComponent.nib in Resources */ = {isa = PBXBuildFile; fileRef = 785EE9CE0A589031005ABDAB /* StaffHorizontalRulerComponent.nib */; };
		785EE9F60A5891DE005ABDAB /* qnote.png in Resources */ = {isa = PBXBuildFile; fileRef = 785EE9F50A5891DE005ABDAB /* qnote.png */; };
		785EEA530A58B430005ABDAB /* TempoData.m in Sources */ = {isa = PBXBuildFile; fileRef = 785EEA520A58B430005ABDAB /* TempoData.m */; };
		7864012B0AA27B8B0015A0AC /* KeySigTest.m in Sources */ = {isa = PBXBuildFile; fileRef = 7864012A0AA27B8B0015A0AC /* KeySigTest.m */; };
		7865F0480AB333C200678461 /* StaffDraw.m in Sources */ = {isa = PBXBuildFile; fileRef = 7865F0470AB333C200678461 /* StaffDraw.m */; };
		7865F5A80AB4E10B00678461 /* AudioToolbox.framework in Frameworks */ = {isa = PBXBuildFile; fileRef = 7865F5970AB4E10B00678461 /* AudioToolbox.framework */; };
		78683A1B0A0E8A72001DE5BB /* Staff.m in Sources */ = {isa = PBXBuildFile; fileRef = 78683A1A0A0E8A72001DE5BB /* Staff.m */; };
		786A93F20A89822B0006F54C /* MeasureTest.m in Sources */ = {isa = PBXBuildFile; fileRef = 786A93F10A89822B0006F54C /* MeasureTest.m */; };
		786B734A0B51B806004297F2 /* NSArray+SenorStaff.h in CopyFiles */ = {isa = PBXBuildFile; fileRef = 786B73480B51B806004297F2 /* NSArray+SenorStaff.h */; };
		786B734B0B51B806004297F2 /* NSArray+SenorStaff.m in Sources */ = {isa = PBXBuildFile; fileRef = 786B73490B51B806004297F2 /* NSArray+SenorStaff.m */; };
		786BD6C50B238FAB002D16A3 /* DrumKit.h in CopyFiles */ = {isa = PBXBuildFile; fileRef = 786BD6C30B238FAB002D16A3 /* DrumKit.h */; };
		786BD6C60B238FAB002D16A3 /* DrumKit.m in Sources */ = {isa = PBXBuildFile; fileRef = 786BD6C40B238FAB002D16A3 /* DrumKit.m */; };
		786BD89C0B23AFFF002D16A3 /* ChromaticKeySignature.h in CopyFiles */ = {isa = PBXBuildFile; fileRef = 786BD89A0B23AFFF002D16A3 /* ChromaticKeySignature.h */; };
		786BD89D0B23AFFF002D16A3 /* ChromaticKeySignature.m in Sources */ = {isa = PBXBuildFile; fileRef = 786BD89B0B23AFFF002D16A3 /* ChromaticKeySignature.m */; };
		786BDA1A0B251B8C002D16A3 /* DrumStaffDraw.h in CopyFiles */ = {isa = PBXBuildFile; fileRef = 786BDA180B251B8C002D16A3 /* DrumStaffDraw.h */; };
		786BDA1B0B251B8C002D16A3 /* DrumStaffDraw.m in Sources */ = {isa = PBXBuildFile; fileRef = 786BDA190B251B8C002D16A3 /* DrumStaffDraw.m */; };
		786EB99F0A787985009D63DD /* NoteDraw.m in Sources */ = {isa = PBXBuildFile; fileRef = 786EB99E0A787985009D63DD /* NoteDraw.m */; };
		786EBA480A7894E2009D63DD /* Rest.m in Sources */ = {isa = PBXBuildFile; fileRef = 786EBA470A7894E2009D63DD /* Rest.m */; };
		786EBA5A0A789651009D63DD /* RestDraw.m in Sources */ = {isa = PBXBuildFile; fileRef = 786EBA590A789651009D63DD /* RestDraw.m */; };
		786EBB6E0A7C7A36009D63DD /* MeasureDraw.m in Sources */ = {isa = PBXBuildFile; fileRef = 786EBB6D0A7C7A36009D63DD /* MeasureDraw.m */; };
		786EBBA40A7C7C98009D63DD /* ClefDraw.m in Sources */ = {isa = PBXBuildFile; fileRef = 786EBBA30A7C7C98009D63DD /* ClefDraw.m */; };
		787A0B6D0B53648000926563 /* CompoundTimeSig.h in CopyFiles */ = {isa = PBXBuildFile; fileRef = 787A0B6B0B53648000926563 /* CompoundTimeSig.h */; };
		787A0B6E0B53648000926563 /* CompoundTimeSig.m in Sources */ = {isa = PBXBuildFile; fileRef = 787A0B6C0B53648000926563 /* CompoundTimeSig.m */; };
		787A0C0A0B53726600926563 /* CompoundTimeSigDraw.h in CopyFiles */ = {isa = PBXBuildFile; fileRef = 787A0C080B53726600926563 /* CompoundTimeSigDraw.h */; };
		787A0C0B0B53726600926563 /* CompoundTimeSigDraw.m in Sources */ = {isa = PBXBuildFile; fileRef = 787A0C090B53726600926563 /* CompoundTimeSigDraw.m */; };
		787A0C120B5372A600926563 /* CompoundTimeSigController.h in CopyFiles */ = {isa = PBXBuildFile; fileRef = 787A0C100B5372A600926563 /* CompoundTimeSigController.h */; };
		787A0C130B5372A600926563 /* CompoundTimeSigController.m in Sources */ = {isa = PBXBuildFile; fileRef = 787A0C110B5372A600926563 /* CompoundTimeSigController.m */; };
		787A91550B159992006FD236 /* dotted.png in Resources */ = {isa = PBXBuildFile; fileRef = 787A91540B159992006FD236 /* dotted.png */; };
		787A91570B159A66006FD236 /* tietoprev.png in Resources */ = {isa = PBXBuildFile; fileRef = 787A91560B159A66006FD236 /* tietoprev.png */; };
		787A92130B17DE67006FD236 /* enote.png in Resources */ = {isa = PBXBuildFile; fileRef = 787A92080B17DE67006FD236 /* enote.png */; };
		787A92150B17DE67006FD236 /* hnote.png in Resources */ = {isa = PBXBuildFile; fileRef = 787A920A0B17DE67006FD236 /* hnote.png */; };
		787A92180B17DE67006FD236 /* snote.png in Resources */ = {isa = PBXBuildFile; fileRef = 787A920D0B17DE67006FD236 /* snote.png */; };
		787A921A0B17DE67006FD236 /* tnote.png in Resources */ = {isa = PBXBuildFile; fileRef = 787A920F0B17DE67006FD236 /* tnote.png */; };
		787A921C0B17DE67006FD236 /* wnote.png in Resources */ = {isa = PBXBuildFile; fileRef = 787A92110B17DE67006FD236 /* wnote.png */; };
		787A92520B17E5E8006FD236 /* pointer.png in Resources */ = {isa = PBXBuildFile; fileRef = 787A92510B17E5E8006FD236 /* pointer.png */; };
		787A93580B1A421A006FD236 /* NSPopUpButton+Images.m in Sources */ = {isa = PBXBuildFile; fileRef = 787A93560B1A4219006FD236 /* NSPopUpButton+Images.m */; };
		787A938D0B1A439A006FD236 /* qnote_t.png in Resources */ = {isa = PBXBuildFile; fileRef = 787A938C0B1A439A006FD236 /* qnote_t.png */; };
		787A93CB0B1A4FE7006FD236 /* LICENSE in Resources */ = {isa = PBXBuildFile; fileRef = 787A93CA0B1A4FE7006FD236 /* LICENSE */; };
		787A94EE0B1AA7C9006FD236 /* DrumMeasureDraw.m in Sources */ = {isa = PBXBuildFile; fileRef = 787A94EC0B1AA7C9006FD236 /* DrumMeasureDraw.m */; };
		787A95410B1AA991006FD236 /* DrumMeasureController.m in Sources */ = {isa = PBXBuildFile; fileRef = 787A953F0B1AA991006FD236 /* DrumMeasureController.m */; };
		787A95FA0B1BE389006FD236 /* Chomp.framework in Frameworks */ = {isa = PBXBuildFile; fileRef = 787A95F30B1BE389006FD236 /* Chomp.framework */; };
		787A96520B1BE6E9006FD236 /* Chomp.framework in CopyFiles */ = {isa = PBXBuildFile; fileRef = 787A95F30B1BE389006FD236 /* Chomp.framework */; };
		78830F7E0A60841A003363D7 /* StaffHorizontalRulerComponent.m in Sources */ = {isa = PBXBuildFile; fileRef = 78830F7D0A60841A003363D7 /* StaffHorizontalRulerComponent.m */; };
		788321120A636D65003363D7 /* doc.icns in Resources */ = {isa = PBXBuildFile; fileRef = 788321110A636D64003363D7 /* doc.icns */; };
		7883C8F70A86B666000E97DE /* StaffTest.m in Sources */ = {isa = PBXBuildFile; fileRef = 7883C7E10A86B05A000E97DE /* StaffTest.m */; };
		788707840AAD00850057D6DD /* MeasureController.m in Sources */ = {isa = PBXBuildFile; fileRef = 788707830AAD00850057D6DD /* MeasureController.m */; };
		788707BE0AAD04660057D6DD /* TempoDataTest.m in Sources */ = {isa = PBXBuildFile; fileRef = 788707BD0AAD04660057D6DD /* TempoDataTest.m */; };
		788708310AAD08F50057D6DD /* StaffController.m in Sources */ = {isa = PBXBuildFile; fileRef = 788708300AAD08F50057D6DD /* StaffController.m */; };
		7887091D0AAD0D690057D6DD /* NoteController.m in Sources */ = {isa = PBXBuildFile; fileRef = 7887091C0AAD0D690057D6DD /* NoteController.m */; };
		788709460AAD0F010057D6DD /* ClefController.m in Sources */ = {isa = PBXBuildFile; fileRef = 788709450AAD0F010057D6DD /* ClefController.m */; };
		788709490AAD0F0C0057D6DD /* TimeSignatureController.m in Sources */ = {isa = PBXBuildFile; fileRef = 788709480AAD0F0C0057D6DD /* TimeSignatureController.m */; };
		7887094C0AAD0F170057D6DD /* KeySignatureController.m in Sources */ = {isa = PBXBuildFile; fileRef = 7887094B0AAD0F170057D6DD /* KeySignatureController.m */; };
		78870A090AAD172A0057D6DD /* ScoreController.m in Sources */ = {isa = PBXBuildFile; fileRef = 78870A080AAD172A0057D6DD /* ScoreController.m */; };
		789308FE0B548EEA0023F843 /* Senor Staff Help in Resources */ = {isa = PBXBuildFile; fileRef = 789308F90B548EEA0023F843 /* Senor Staff Help */; };
		789324BF0B116FB300E2DEF2 /* ToolbarHelperController.m in Sources */ = {isa = PBXBuildFile; fileRef = 789324BE0B116FB300E2DEF2 /* ToolbarHelperController.m */; };
		7893266E0B118A2E00E2DEF2 /* addstaff.png in Resources */ = {isa = PBXBuildFile; fileRef = 7893266D0B118A2D00E2DEF2 /* addstaff.png */; };
		789BC2A60A1FFD2000597728 /* erest.png in Resources */ = {isa = PBXBuildFile; fileRef = 789BC2A20A1FFD2000597728 /* erest.png */; };
		789BC2A70A1FFD2000597728 /* qrest.png in Resources */ = {isa = PBXBuildFile; fileRef = 789BC2A30A1FFD2000597728 /* qrest.png */; };
		789BC2A80A1FFD2000597728 /* srest.png in Resources */ = {isa = PBXBuildFile; fileRef = 789BC2A40A1FFD2000597728 /* srest.png */; };
		789BC2A90A1FFD2000597728 /* trest.png in Resources */ = {isa = PBXBuildFile; fileRef = 789BC2A50A1FFD2000597728 /* trest.png */; };
		789C1CB80A524DA900572AA8 /* sstaff.icns in Resources */ = {isa = PBXBuildFile; fileRef = 789C1CB70A524DA900572AA8 /* sstaff.icns */; };
		78A608D00B64502300DAE6DA /* playsel.png in Resources */ = {isa = PBXBuildFile; fileRef = 78A608CF0B64502200DAE6DA /* playsel.png */; };
		78B224250B2FD48600047C6B /* Repeat.h in CopyFiles */ = {isa = PBXBuildFile; fileRef = 78B224230B2FD48600047C6B /* Repeat.h */; };
		78B224260B2FD48600047C6B /* Repeat.m in Sources */ = {isa = PBXBuildFile; fileRef = 78B224240B2FD48600047C6B /* Repeat.m */; };
		78B439740ABCBFE70068C522 /* ClefTarget.m in Sources */ = {isa = PBXBuildFile; fileRef = 78B439730ABCBFE70068C522 /* ClefTarget.m */; };
		78B43AB80ABCCC630068C522 /* TimeSigTarget.m in Sources */ = {isa = PBXBuildFile; fileRef = 78B43AB70ABCCC630068C522 /* TimeSigTarget.m */; };
		78B43ABD0ABCCCA20068C522 /* KeySigTarget.m in Sources */ = {isa = PBXBuildFile; fileRef = 78B43ABC0ABCCCA20068C522 /* KeySigTarget.m */; };
		78B43D150ABE4DB10068C522 /* TimeSignatureDraw.m in Sources */ = {isa = PBXBuildFile; fileRef = 78B43D140ABE4DB10068C522 /* TimeSignatureDraw.m */; };
		78B43D5A0ABE4F980068C522 /* KeySignatureDraw.m in Sources */ = {isa = PBXBuildFile; fileRef = 78B43D590ABE4F980068C522 /* KeySignatureDraw.m */; };
		78B9AE3C0B4A30BB00D41461 /* Sparkle.framework in Frameworks */ = {isa = PBXBuildFile; fileRef = 78B9AE280B4A30BB00D41461 /* Sparkle.framework */; };
		78B9AE470B4A30F600D41461 /* Sparkle.framework in CopyFiles */ = {isa = PBXBuildFile; fileRef = 78B9AE280B4A30BB00D41461 /* Sparkle.framework */; };
		78BDB83C0A8AE15D00323E8A /* SongTest.m in Sources */ = {isa = PBXBuildFile; fileRef = 78BDB83B0A8AE15D00323E8A /* SongTest.m */; };
		78C52F350ACF4D6C006B5727 /* Chord.m in Sources */ = {isa = PBXBuildFile; fileRef = 78C52F340ACF4D6C006B5727 /* Chord.m */; };
		78DF755F0A42728F0058CF89 /* keysig_insert.png in Resources */ = {isa = PBXBuildFile; fileRef = 78DF755E0A42728F0058CF89 /* keysig_insert.png */; };
		78DF75A60A4273D20058CF89 /* flat over.png in Resources */ = {isa = PBXBuildFile; fileRef = 78DF75A30A4273D20058CF89 /* flat over.png */; };
		78DF75A70A4273D20058CF89 /* natural over.png in Resources */ = {isa = PBXBuildFile; fileRef = 78DF75A40A4273D20058CF89 /* natural over.png */; };
		78DF75A80A4273D20058CF89 /* sharp over.png in Resources */ = {isa = PBXBuildFile; fileRef = 78DF75A50A4273D20058CF89 /* sharp over.png */; };
		78DF76720A45F2020058CF89 /* KeySigPanel.nib in Resources */ = {isa = PBXBuildFile; fileRef = 78DF76710A45F2020058CF89 /* KeySigPanel.nib */; };
		78DF77D60A48DF0F0058CF89 /* NSView+Fade.m in Sources */ = {isa = PBXBuildFile; fileRef = 78DF77D50A48DF0F0058CF89 /* NSView+Fade.m */; };
		78E700B80A369A03008F8F40 /* NonScrollableScrollView.m in Sources */ = {isa = PBXBuildFile; fileRef = 78E700B70A369A03008F8F40 /* NonScrollableScrollView.m */; };
		78E74F810A4DD402005A67E4 /* TimeSignature.m in Sources */ = {isa = PBXBuildFile; fileRef = 78E74F800A4DD402005A67E4 /* TimeSignature.m */; };
		78E750CD0A4DDD0C005A67E4 /* timesig_insert.png in Resources */ = {isa = PBXBuildFile; fileRef = 78E750CC0A4DDD0C005A67E4 /* timesig_insert.png */; };
		78E758E50A4E4D2A005A67E4 /* TimeSigPanel.nib in Resources */ = {isa = PBXBuildFile; fileRef = 78E758E40A4E4D2A005A67E4 /* TimeSigPanel.nib */; };
		78E759D40A4F73A7005A67E4 /* musicato.ttf in Resources */ = {isa = PBXBuildFile; fileRef = 78E759D30A4F73A7005A67E4 /* musicato.ttf */; };
		78E7F5FD0A353C5A008F8F40 /* StaffVerticalRuler.m in Sources */ = {isa = PBXBuildFile; fileRef = 78E7F5FC0A353C5A008F8F40 /* StaffVerticalRuler.m */; };
		78E7F7B40A354672008F8F40 /* StaffVerticalRulerComponent.m in Sources */ = {isa = PBXBuildFile; fileRef = 78E7F7B30A354672008F8F40 /* StaffVerticalRulerComponent.m */; };
		78E7F7E60A354F79008F8F40 /* StaffVerticalRulerComponent.nib in Resources */ = {isa = PBXBuildFile; fileRef = 78E7F7E50A354F79008F8F40 /* StaffVerticalRulerComponent.nib */; };
		78E829320A17FD6600DA31A3 /* CAMIDIEndpoints.cpp in Sources */ = {isa = PBXBuildFile; fileRef = 78E829300A17FD6600DA31A3 /* CAMIDIEndpoints.cpp */; };
		78E82A110A17FF9800DA31A3 /* CAMIDIEndpointMenu2.mm in Sources */ = {isa = PBXBuildFile; fileRef = 78E82A100A17FF9800DA31A3 /* CAMIDIEndpointMenu2.mm */; };
		78E82A700A18027500DA31A3 /* CoreMIDI.framework in Frameworks */ = {isa = PBXBuildFile; fileRef = 78E82A6F0A18027500DA31A3 /* CoreMIDI.framework */; };
		78E82A770A18028000DA31A3 /* CoreAudio.framework in Frameworks */ = {isa = PBXBuildFile; fileRef = 78E82A760A18028000DA31A3 /* CoreAudio.framework */; };
		78E82CA40A1863BC00DA31A3 /* treble.png in Resources */ = {isa = PBXBuildFile; fileRef = 78E82CA30A1863BC00DA31A3 /* treble.png */; };
		78E82CF00A18651A00DA31A3 /* bass.png in Resources */ = {isa = PBXBuildFile; fileRef = 78E82CEF0A18651A00DA31A3 /* bass.png */; };
		78E82D5B0A1AD7E900DA31A3 /* KeySignature.m in Sources */ = {isa = PBXBuildFile; fileRef = 78E82D5A0A1AD7E900DA31A3 /* KeySignature.m */; };
		78EB67BF0A2583490069784F /* flat.png in Resources */ = {isa = PBXBuildFile; fileRef = 78EB67BC0A2583490069784F /* flat.png */; };
		78EB67C00A2583490069784F /* natural.png in Resources */ = {isa = PBXBuildFile; fileRef = 78EB67BD0A2583490069784F /* natural.png */; };
		78EB67C10A2583490069784F /* sharp.png in Resources */ = {isa = PBXBuildFile; fileRef = 78EB67BE0A2583490069784F /* sharp.png */; };
		78F2DB230A33B3BE0052DB2C /* clefins_bass.png in Resources */ = {isa = PBXBuildFile; fileRef = 78F2DB210A33B3BE0052DB2C /* clefins_bass.png */; };
		78F2DB240A33B3BE0052DB2C /* clefins_treble.png in Resources */ = {isa = PBXBuildFile; fileRef = 78F2DB220A33B3BE0052DB2C /* clefins_treble.png */; };
		78F7816C0AD0780A009EDC26 /* ChordTest.m in Sources */ = {isa = PBXBuildFile; fileRef = 78F7816B0AD0780A009EDC26 /* ChordTest.m */; };
		78F785940AD09A0B009EDC26 /* ChordDraw.m in Sources */ = {isa = PBXBuildFile; fileRef = 78F785920AD09A0B009EDC26 /* ChordDraw.m */; };
		78F785980AD09A1B009EDC26 /* ChordController.m in Sources */ = {isa = PBXBuildFile; fileRef = 78F785960AD09A1B009EDC26 /* ChordController.m */; };
		78F78B520ADA1109009EDC26 /* ChordDrawTest.m in Sources */ = {isa = PBXBuildFile; fileRef = 78F78B510ADA1109009EDC26 /* ChordDrawTest.m */; };
		78F8BBBB0A830A6900A2788D /* erest-over.png in Resources */ = {isa = PBXBuildFile; fileRef = 78F8BBB70A830A6900A2788D /* erest-over.png */; };
		78F8BBBC0A830A6900A2788D /* qrest-over.png in Resources */ = {isa = PBXBuildFile; fileRef = 78F8BBB80A830A6900A2788D /* qrest-over.png */; };
		78F8BBBD0A830A6900A2788D /* srest-over.png in Resources */ = {isa = PBXBuildFile; fileRef = 78F8BBB90A830A6900A2788D /* srest-over.png */; };
		78F8BBBE0A830A6900A2788D /* trest-over.png in Resources */ = {isa = PBXBuildFile; fileRef = 78F8BBBA0A830A6900A2788D /* trest-over.png */; };
		78F9EFAC0A22BD9A00C06381 /* bass over.png in Resources */ = {isa = PBXBuildFile; fileRef = 78F9EFAA0A22BD9A00C06381 /* bass over.png */; };
		78F9EFAD0A22BD9A00C06381 /* treble over.png in Resources */ = {isa = PBXBuildFile; fileRef = 78F9EFAB0A22BD9A00C06381 /* treble over.png */; };
		78FA8CC80A0ECC0F00A37E39 /* Note.m in Sources */ = {isa = PBXBuildFile; fileRef = 78FA8CC70A0ECC0F00A37E39 /* Note.m */; };
		78FA8E0B0A0EEBF600A37E39 /* Clef.m in Sources */ = {isa = PBXBuildFile; fileRef = 78FA8E0A0A0EEBF600A37E39 /* Clef.m */; };
		8D15AC2D0486D014006FF6A4 /* MainMenu.nib in Resources */ = {isa = PBXBuildFile; fileRef = 2A37F4B6FDCFA73011CA2CEA /* MainMenu.nib */; };
		8D15AC2F0486D014006FF6A4 /* InfoPlist.strings in Resources */ = {isa = PBXBuildFile; fileRef = 089C165FFE840EACC02AAC07 /* InfoPlist.strings */; };
		8D15AC310486D014006FF6A4 /* MusicDocument.m in Sources */ = {isa = PBXBuildFile; fileRef = 2A37F4ACFDCFA73011CA2CEA /* MusicDocument.m */; settings = {ATTRIBUTES = (); }; };
		8D15AC320486D014006FF6A4 /* main.m in Sources */ = {isa = PBXBuildFile; fileRef = 2A37F4B0FDCFA73011CA2CEA /* main.m */; settings = {ATTRIBUTES = (); }; };
		8D15AC340486D014006FF6A4 /* Cocoa.framework in Frameworks */ = {isa = PBXBuildFile; fileRef = 1058C7A7FEA54F5311CA2CBB /* Cocoa.framework */; };
/* End PBXBuildFile section */

/* Begin PBXContainerItemProxy section */
		7883C8B00A86B5BF000E97DE /* PBXContainerItemProxy */ = {
			isa = PBXContainerItemProxy;
			containerPortal = 2A37F4A9FDCFA73011CA2CEA /* Project object */;
			proxyType = 1;
			remoteGlobalIDString = 8D15AC270486D014006FF6A4;
			remoteInfo = "Señor Staff";
		};
/* End PBXContainerItemProxy section */

/* Begin PBXCopyFilesBuildPhase section */
		78B9AE3D0B4A30C700D41461 /* CopyFiles */ = {
			isa = PBXCopyFilesBuildPhase;
			buildActionMask = 2147483647;
			dstPath = "";
			dstSubfolderSpec = 7;
			files = (
			);
			runOnlyForDeploymentPostprocessing = 0;
		};
		78B9AE400B4A30D100D41461 /* CopyFiles */ = {
			isa = PBXCopyFilesBuildPhase;
			buildActionMask = 2147483647;
			dstPath = "";
			dstSubfolderSpec = 10;
			files = (
				78B9AE470B4A30F600D41461 /* Sparkle.framework in CopyFiles */,
			);
			runOnlyForDeploymentPostprocessing = 0;
		};
		78F783DB0AD08478009EDC26 /* CopyFiles */ = {
			isa = PBXCopyFilesBuildPhase;
			buildActionMask = 2147483647;
			dstPath = "";
			dstSubfolderSpec = 10;
			files = (
				787A96520B1BE6E9006FD236 /* Chomp.framework in CopyFiles */,
				786BD6C50B238FAB002D16A3 /* DrumKit.h in CopyFiles */,
				786BD89C0B23AFFF002D16A3 /* ChromaticKeySignature.h in CopyFiles */,
				786BDA1A0B251B8C002D16A3 /* DrumStaffDraw.h in CopyFiles */,
				78B224250B2FD48600047C6B /* Repeat.h in CopyFiles */,
				786B734A0B51B806004297F2 /* NSArray+SenorStaff.h in CopyFiles */,
				787A0B6D0B53648000926563 /* CompoundTimeSig.h in CopyFiles */,
				787A0C0A0B53726600926563 /* CompoundTimeSigDraw.h in CopyFiles */,
				787A0C120B5372A600926563 /* CompoundTimeSigController.h in CopyFiles */,
			);
			runOnlyForDeploymentPostprocessing = 0;
		};
/* End PBXCopyFilesBuildPhase section */

/* Begin PBXFileReference section */
		089C1660FE840EACC02AAC07 /* English */ = {isa = PBXFileReference; fileEncoding = 10; lastKnownFileType = text.plist.strings; name = English; path = English.lproj/InfoPlist.strings; sourceTree = "<group>"; };
		1058C7A7FEA54F5311CA2CBB /* Cocoa.framework */ = {isa = PBXFileReference; lastKnownFileType = wrapper.framework; name = Cocoa.framework; path = /System/Library/Frameworks/Cocoa.framework; sourceTree = "<absolute>"; };
		13E42FBA07B3F13500E4EEF1 /* CoreData.framework */ = {isa = PBXFileReference; lastKnownFileType = wrapper.framework; name = CoreData.framework; path = /System/Library/Frameworks/CoreData.framework; sourceTree = "<absolute>"; };
		2A37F4ACFDCFA73011CA2CEA /* MusicDocument.m */ = {isa = PBXFileReference; fileEncoding = 4; lastKnownFileType = sourcecode.c.objc; path = MusicDocument.m; sourceTree = "<group>"; };
		2A37F4AEFDCFA73011CA2CEA /* MusicDocument.h */ = {isa = PBXFileReference; fileEncoding = 4; lastKnownFileType = sourcecode.c.h; path = MusicDocument.h; sourceTree = "<group>"; };
		2A37F4B0FDCFA73011CA2CEA /* main.m */ = {isa = PBXFileReference; fileEncoding = 4; lastKnownFileType = sourcecode.c.objc; path = main.m; sourceTree = "<group>"; };
		2A37F4B7FDCFA73011CA2CEA /* English */ = {isa = PBXFileReference; lastKnownFileType = wrapper.nib; name = English; path = English.lproj/MainMenu.nib; sourceTree = "<group>"; };
		2A37F4C4FDCFA73011CA2CEA /* AppKit.framework */ = {isa = PBXFileReference; lastKnownFileType = wrapper.framework; name = AppKit.framework; path = /System/Library/Frameworks/AppKit.framework; sourceTree = "<absolute>"; };
		2A37F4C5FDCFA73011CA2CEA /* Foundation.framework */ = {isa = PBXFileReference; lastKnownFileType = wrapper.framework; name = Foundation.framework; path = /System/Library/Frameworks/Foundation.framework; sourceTree = "<absolute>"; };
		32DBCF750370BD2300C91783 /* Music Editor_Prefix.pch */ = {isa = PBXFileReference; fileEncoding = 4; lastKnownFileType = sourcecode.c.h; path = "Music Editor_Prefix.pch"; sourceTree = "<group>"; };
		780934E70B310E6900E2F980 /* RepeatCountPanel.nib */ = {isa = PBXFileReference; lastKnownFileType = wrapper.nib; path = RepeatCountPanel.nib; sourceTree = "<group>"; };
		78124F840AAB6C6500D20E98 /* ScoreView.h */ = {isa = PBXFileReference; fileEncoding = 30; lastKnownFileType = sourcecode.c.h; path = ScoreView.h; sourceTree = "<group>"; };
		78124F850AAB6C6500D20E98 /* ScoreView.m */ = {isa = PBXFileReference; fileEncoding = 30; lastKnownFileType = sourcecode.c.objc; path = ScoreView.m; sourceTree = "<group>"; };
		7813C3870B1168E300CE7F59 /* stop.png */ = {isa = PBXFileReference; lastKnownFileType = image.png; path = stop.png; sourceTree = "<group>"; };
		7813C3890B1168FE00CE7F59 /* play.png */ = {isa = PBXFileReference; lastKnownFileType = image.png; path = play.png; sourceTree = "<group>"; };
		7813C38D0B11692100CE7F59 /* ToolbarHelperController.h */ = {isa = PBXFileReference; fileEncoding = 4; lastKnownFileType = sourcecode.c.h; path = ToolbarHelperController.h; sourceTree = "<group>"; };
		7841FD2D0A09D29B00292132 /* English */ = {isa = PBXFileReference; lastKnownFileType = wrapper.nib; name = English; path = English.lproj/MusicDocument.nib; sourceTree = "<group>"; };
		7841FD7D0A0B073B00292132 /* MEWindowController.h */ = {isa = PBXFileReference; fileEncoding = 30; lastKnownFileType = sourcecode.c.h; path = MEWindowController.h; sourceTree = "<group>"; };
		7841FD7E0A0B073B00292132 /* MEWindowController.m */ = {isa = PBXFileReference; fileEncoding = 30; lastKnownFileType = sourcecode.c.objc; path = MEWindowController.m; sourceTree = "<group>"; };
		7841FD8A0A0B08B800292132 /* Song.h */ = {isa = PBXFileReference; fileEncoding = 4; lastKnownFileType = sourcecode.c.h; path = Song.h; sourceTree = "<group>"; };
		7841FD8B0A0B08B800292132 /* Song.m */ = {isa = PBXFileReference; fileEncoding = 4; lastKnownFileType = sourcecode.c.objc; path = Song.m; sourceTree = "<group>"; };
		7841FDD60A0B1E3100292132 /* Measure.h */ = {isa = PBXFileReference; fileEncoding = 4; lastKnownFileType = sourcecode.c.h; path = Measure.h; sourceTree = "<group>"; };
		7841FDD70A0B1E3100292132 /* Measure.m */ = {isa = PBXFileReference; fileEncoding = 4; lastKnownFileType = sourcecode.c.objc; path = Measure.m; sourceTree = "<group>"; };
		784AFBB60A7F1C9A00832B7C /* NoteBase.h */ = {isa = PBXFileReference; fileEncoding = 4; lastKnownFileType = sourcecode.c.h; path = NoteBase.h; sourceTree = "<group>"; };
		784AFBB70A7F1C9A00832B7C /* NoteBase.m */ = {isa = PBXFileReference; fileEncoding = 4; lastKnownFileType = sourcecode.c.objc; path = NoteBase.m; sourceTree = "<group>"; };
		784E44060A957C2500BE86EF /* NoteTest.h */ = {isa = PBXFileReference; fileEncoding = 4; lastKnownFileType = sourcecode.c.h; path = NoteTest.h; sourceTree = "<group>"; };
		784E44070A957C2500BE86EF /* NoteTest.m */ = {isa = PBXFileReference; fileEncoding = 4; lastKnownFileType = sourcecode.c.objc; path = NoteTest.m; sourceTree = "<group>"; };
		785EE9CE0A589031005ABDAB /* StaffHorizontalRulerComponent.nib */ = {isa = PBXFileReference; lastKnownFileType = wrapper.nib; path = StaffHorizontalRulerComponent.nib; sourceTree = "<group>"; };
		785EE9F50A5891DE005ABDAB /* qnote.png */ = {isa = PBXFileReference; lastKnownFileType = image.png; path = qnote.png; sourceTree = "<group>"; };
		785EEA510A58B430005ABDAB /* TempoData.h */ = {isa = PBXFileReference; fileEncoding = 4; lastKnownFileType = sourcecode.c.h; path = TempoData.h; sourceTree = "<group>"; };
		785EEA520A58B430005ABDAB /* TempoData.m */ = {isa = PBXFileReference; fileEncoding = 4; lastKnownFileType = sourcecode.c.objc; path = TempoData.m; sourceTree = "<group>"; };
		786401290AA27B8B0015A0AC /* KeySigTest.h */ = {isa = PBXFileReference; fileEncoding = 4; lastKnownFileType = sourcecode.c.h; path = KeySigTest.h; sourceTree = "<group>"; };
		7864012A0AA27B8B0015A0AC /* KeySigTest.m */ = {isa = PBXFileReference; fileEncoding = 4; lastKnownFileType = sourcecode.c.objc; path = KeySigTest.m; sourceTree = "<group>"; };
		7865F0460AB333C200678461 /* StaffDraw.h */ = {isa = PBXFileReference; fileEncoding = 4; lastKnownFileType = sourcecode.c.h; path = StaffDraw.h; sourceTree = "<group>"; };
		7865F0470AB333C200678461 /* StaffDraw.m */ = {isa = PBXFileReference; fileEncoding = 4; lastKnownFileType = sourcecode.c.objc; path = StaffDraw.m; sourceTree = "<group>"; };
		7865F5970AB4E10B00678461 /* AudioToolbox.framework */ = {isa = PBXFileReference; lastKnownFileType = wrapper.framework; name = AudioToolbox.framework; path = /System/Library/Frameworks/AudioToolbox.framework; sourceTree = "<absolute>"; };
		78683A190A0E8A72001DE5BB /* Staff.h */ = {isa = PBXFileReference; fileEncoding = 4; lastKnownFileType = sourcecode.c.h; path = Staff.h; sourceTree = "<group>"; };
		78683A1A0A0E8A72001DE5BB /* Staff.m */ = {isa = PBXFileReference; fileEncoding = 4; lastKnownFileType = sourcecode.c.objc; path = Staff.m; sourceTree = "<group>"; };
		786A93F00A89822B0006F54C /* MeasureTest.h */ = {isa = PBXFileReference; fileEncoding = 4; lastKnownFileType = sourcecode.c.h; path = MeasureTest.h; sourceTree = "<group>"; };
		786A93F10A89822B0006F54C /* MeasureTest.m */ = {isa = PBXFileReference; fileEncoding = 4; lastKnownFileType = sourcecode.c.objc; path = MeasureTest.m; sourceTree = "<group>"; };
		786B73480B51B806004297F2 /* NSArray+SenorStaff.h */ = {isa = PBXFileReference; fileEncoding = 4; lastKnownFileType = sourcecode.c.h; path = "NSArray+SenorStaff.h"; sourceTree = "<group>"; };
		786B73490B51B806004297F2 /* NSArray+SenorStaff.m */ = {isa = PBXFileReference; fileEncoding = 4; lastKnownFileType = sourcecode.c.objc; path = "NSArray+SenorStaff.m"; sourceTree = "<group>"; };
		786BD6C30B238FAB002D16A3 /* DrumKit.h */ = {isa = PBXFileReference; fileEncoding = 4; lastKnownFileType = sourcecode.c.h; path = DrumKit.h; sourceTree = "<group>"; };
		786BD6C40B238FAB002D16A3 /* DrumKit.m */ = {isa = PBXFileReference; fileEncoding = 4; lastKnownFileType = sourcecode.c.objc; path = DrumKit.m; sourceTree = "<group>"; };
		786BD89A0B23AFFF002D16A3 /* ChromaticKeySignature.h */ = {isa = PBXFileReference; fileEncoding = 4; lastKnownFileType = sourcecode.c.h; path = ChromaticKeySignature.h; sourceTree = "<group>"; };
		786BD89B0B23AFFF002D16A3 /* ChromaticKeySignature.m */ = {isa = PBXFileReference; fileEncoding = 4; lastKnownFileType = sourcecode.c.objc; path = ChromaticKeySignature.m; sourceTree = "<group>"; };
		786BDA180B251B8C002D16A3 /* DrumStaffDraw.h */ = {isa = PBXFileReference; fileEncoding = 4; lastKnownFileType = sourcecode.c.h; path = DrumStaffDraw.h; sourceTree = "<group>"; };
		786BDA190B251B8C002D16A3 /* DrumStaffDraw.m */ = {isa = PBXFileReference; fileEncoding = 4; lastKnownFileType = sourcecode.c.objc; path = DrumStaffDraw.m; sourceTree = "<group>"; };
		786EB99D0A787985009D63DD /* NoteDraw.h */ = {isa = PBXFileReference; fileEncoding = 4; lastKnownFileType = sourcecode.c.h; path = NoteDraw.h; sourceTree = "<group>"; };
		786EB99E0A787985009D63DD /* NoteDraw.m */ = {isa = PBXFileReference; fileEncoding = 4; lastKnownFileType = sourcecode.c.objc; path = NoteDraw.m; sourceTree = "<group>"; };
		786EBA460A7894E2009D63DD /* Rest.h */ = {isa = PBXFileReference; fileEncoding = 4; lastKnownFileType = sourcecode.c.h; path = Rest.h; sourceTree = "<group>"; };
		786EBA470A7894E2009D63DD /* Rest.m */ = {isa = PBXFileReference; fileEncoding = 4; lastKnownFileType = sourcecode.c.objc; path = Rest.m; sourceTree = "<group>"; };
		786EBA580A789651009D63DD /* RestDraw.h */ = {isa = PBXFileReference; fileEncoding = 4; lastKnownFileType = sourcecode.c.h; path = RestDraw.h; sourceTree = "<group>"; };
		786EBA590A789651009D63DD /* RestDraw.m */ = {isa = PBXFileReference; fileEncoding = 4; lastKnownFileType = sourcecode.c.objc; path = RestDraw.m; sourceTree = "<group>"; };
		786EBB6C0A7C7A36009D63DD /* MeasureDraw.h */ = {isa = PBXFileReference; fileEncoding = 4; lastKnownFileType = sourcecode.c.h; path = MeasureDraw.h; sourceTree = "<group>"; };
		786EBB6D0A7C7A36009D63DD /* MeasureDraw.m */ = {isa = PBXFileReference; fileEncoding = 4; lastKnownFileType = sourcecode.c.objc; path = MeasureDraw.m; sourceTree = "<group>"; };
		786EBBA20A7C7C98009D63DD /* ClefDraw.h */ = {isa = PBXFileReference; fileEncoding = 4; lastKnownFileType = sourcecode.c.h; path = ClefDraw.h; sourceTree = "<group>"; };
		786EBBA30A7C7C98009D63DD /* ClefDraw.m */ = {isa = PBXFileReference; fileEncoding = 4; lastKnownFileType = sourcecode.c.objc; path = ClefDraw.m; sourceTree = "<group>"; };
		787A0B6B0B53648000926563 /* CompoundTimeSig.h */ = {isa = PBXFileReference; fileEncoding = 4; lastKnownFileType = sourcecode.c.h; path = CompoundTimeSig.h; sourceTree = "<group>"; };
		787A0B6C0B53648000926563 /* CompoundTimeSig.m */ = {isa = PBXFileReference; fileEncoding = 4; lastKnownFileType = sourcecode.c.objc; path = CompoundTimeSig.m; sourceTree = "<group>"; };
		787A0C080B53726600926563 /* CompoundTimeSigDraw.h */ = {isa = PBXFileReference; fileEncoding = 4; lastKnownFileType = sourcecode.c.h; path = CompoundTimeSigDraw.h; sourceTree = "<group>"; };
		787A0C090B53726600926563 /* CompoundTimeSigDraw.m */ = {isa = PBXFileReference; fileEncoding = 4; lastKnownFileType = sourcecode.c.objc; path = CompoundTimeSigDraw.m; sourceTree = "<group>"; };
		787A0C100B5372A600926563 /* CompoundTimeSigController.h */ = {isa = PBXFileReference; fileEncoding = 4; lastKnownFileType = sourcecode.c.h; path = CompoundTimeSigController.h; sourceTree = "<group>"; };
		787A0C110B5372A600926563 /* CompoundTimeSigController.m */ = {isa = PBXFileReference; fileEncoding = 4; lastKnownFileType = sourcecode.c.objc; path = CompoundTimeSigController.m; sourceTree = "<group>"; };
		787A91540B159992006FD236 /* dotted.png */ = {isa = PBXFileReference; lastKnownFileType = image.png; path = dotted.png; sourceTree = "<group>"; };
		787A91560B159A66006FD236 /* tietoprev.png */ = {isa = PBXFileReference; lastKnownFileType = image.png; path = tietoprev.png; sourceTree = "<group>"; };
		787A92080B17DE67006FD236 /* enote.png */ = {isa = PBXFileReference; lastKnownFileType = image.png; path = enote.png; sourceTree = "<group>"; };
		787A920A0B17DE67006FD236 /* hnote.png */ = {isa = PBXFileReference; lastKnownFileType = image.png; path = hnote.png; sourceTree = "<group>"; };
		787A920D0B17DE67006FD236 /* snote.png */ = {isa = PBXFileReference; lastKnownFileType = image.png; path = snote.png; sourceTree = "<group>"; };
		787A920F0B17DE67006FD236 /* tnote.png */ = {isa = PBXFileReference; lastKnownFileType = image.png; path = tnote.png; sourceTree = "<group>"; };
		787A92110B17DE67006FD236 /* wnote.png */ = {isa = PBXFileReference; lastKnownFileType = image.png; path = wnote.png; sourceTree = "<group>"; };
		787A92510B17E5E8006FD236 /* pointer.png */ = {isa = PBXFileReference; lastKnownFileType = image.png; path = pointer.png; sourceTree = "<group>"; };
		787A93550B1A4219006FD236 /* NSPopUpButton+Images.h */ = {isa = PBXFileReference; fileEncoding = 4; lastKnownFileType = sourcecode.c.h; path = "NSPopUpButton+Images.h"; sourceTree = "<group>"; };
		787A93560B1A4219006FD236 /* NSPopUpButton+Images.m */ = {isa = PBXFileReference; fileEncoding = 4; lastKnownFileType = sourcecode.c.objc; path = "NSPopUpButton+Images.m"; sourceTree = "<group>"; };
		787A938C0B1A439A006FD236 /* qnote_t.png */ = {isa = PBXFileReference; lastKnownFileType = image.png; path = qnote_t.png; sourceTree = "<group>"; };
		787A93CA0B1A4FE7006FD236 /* LICENSE */ = {isa = PBXFileReference; fileEncoding = 4; lastKnownFileType = text; path = LICENSE; sourceTree = "<group>"; };
		787A94EB0B1AA7C9006FD236 /* DrumMeasureDraw.h */ = {isa = PBXFileReference; fileEncoding = 4; lastKnownFileType = sourcecode.c.h; path = DrumMeasureDraw.h; sourceTree = "<group>"; };
		787A94EC0B1AA7C9006FD236 /* DrumMeasureDraw.m */ = {isa = PBXFileReference; fileEncoding = 4; lastKnownFileType = sourcecode.c.objc; path = DrumMeasureDraw.m; sourceTree = "<group>"; };
		787A953E0B1AA991006FD236 /* DrumMeasureController.h */ = {isa = PBXFileReference; fileEncoding = 4; lastKnownFileType = sourcecode.c.h; path = DrumMeasureController.h; sourceTree = "<group>"; };
		787A953F0B1AA991006FD236 /* DrumMeasureController.m */ = {isa = PBXFileReference; fileEncoding = 4; lastKnownFileType = sourcecode.c.objc; path = DrumMeasureController.m; sourceTree = "<group>"; };
		787A95F30B1BE389006FD236 /* Chomp.framework */ = {isa = PBXFileReference; lastKnownFileType = wrapper.framework; path = Chomp.framework; sourceTree = "<group>"; };
		78830F7C0A60841A003363D7 /* StaffHorizontalRulerComponent.h */ = {isa = PBXFileReference; fileEncoding = 4; lastKnownFileType = sourcecode.c.h; path = StaffHorizontalRulerComponent.h; sourceTree = "<group>"; };
		78830F7D0A60841A003363D7 /* StaffHorizontalRulerComponent.m */ = {isa = PBXFileReference; fileEncoding = 4; lastKnownFileType = sourcecode.c.objc; path = StaffHorizontalRulerComponent.m; sourceTree = "<group>"; };
		788321110A636D64003363D7 /* doc.icns */ = {isa = PBXFileReference; lastKnownFileType = image.icns; path = doc.icns; sourceTree = "<group>"; };
		788322130A660876003363D7 /* Tests-Info.plist */ = {isa = PBXFileReference; lastKnownFileType = text.xml; path = "Tests-Info.plist"; sourceTree = "<group>"; };
		788322170A6608EF003363D7 /* SenTestingKit.framework */ = {isa = PBXFileReference; lastKnownFileType = wrapper.framework; name = SenTestingKit.framework; path = /System/Library/Frameworks/SenTestingKit.framework; sourceTree = "<absolute>"; };
		7883C7E00A86B05A000E97DE /* StaffTest.h */ = {isa = PBXFileReference; fileEncoding = 4; lastKnownFileType = sourcecode.c.h; path = StaffTest.h; sourceTree = "<group>"; };
		7883C7E10A86B05A000E97DE /* StaffTest.m */ = {isa = PBXFileReference; fileEncoding = 4; lastKnownFileType = sourcecode.c.objc; path = StaffTest.m; sourceTree = "<group>"; };
		7883C8990A86B5A5000E97DE /* Tests.octest */ = {isa = PBXFileReference; explicitFileType = wrapper.cfbundle; includeInIndex = 0; path = Tests.octest; sourceTree = BUILT_PRODUCTS_DIR; };
		788707820AAD00850057D6DD /* MeasureController.h */ = {isa = PBXFileReference; fileEncoding = 4; lastKnownFileType = sourcecode.c.h; path = MeasureController.h; sourceTree = "<group>"; };
		788707830AAD00850057D6DD /* MeasureController.m */ = {isa = PBXFileReference; fileEncoding = 4; lastKnownFileType = sourcecode.c.objc; path = MeasureController.m; sourceTree = "<group>"; };
		788707BC0AAD04660057D6DD /* TempoDataTest.h */ = {isa = PBXFileReference; fileEncoding = 4; lastKnownFileType = sourcecode.c.h; path = TempoDataTest.h; sourceTree = "<group>"; };
		788707BD0AAD04660057D6DD /* TempoDataTest.m */ = {isa = PBXFileReference; fileEncoding = 4; lastKnownFileType = sourcecode.c.objc; path = TempoDataTest.m; sourceTree = "<group>"; };
		7887082F0AAD08F50057D6DD /* StaffController.h */ = {isa = PBXFileReference; fileEncoding = 4; lastKnownFileType = sourcecode.c.h; path = StaffController.h; sourceTree = "<group>"; };
		788708300AAD08F50057D6DD /* StaffController.m */ = {isa = PBXFileReference; fileEncoding = 4; lastKnownFileType = sourcecode.c.objc; path = StaffController.m; sourceTree = "<group>"; };
		7887091B0AAD0D690057D6DD /* NoteController.h */ = {isa = PBXFileReference; fileEncoding = 4; lastKnownFileType = sourcecode.c.h; path = NoteController.h; sourceTree = "<group>"; };
		7887091C0AAD0D690057D6DD /* NoteController.m */ = {isa = PBXFileReference; fileEncoding = 4; lastKnownFileType = sourcecode.c.objc; path = NoteController.m; sourceTree = "<group>"; };
		788709440AAD0F010057D6DD /* ClefController.h */ = {isa = PBXFileReference; fileEncoding = 4; lastKnownFileType = sourcecode.c.h; path = ClefController.h; sourceTree = "<group>"; };
		788709450AAD0F010057D6DD /* ClefController.m */ = {isa = PBXFileReference; fileEncoding = 4; lastKnownFileType = sourcecode.c.objc; path = ClefController.m; sourceTree = "<group>"; };
		788709470AAD0F0C0057D6DD /* TimeSignatureController.h */ = {isa = PBXFileReference; fileEncoding = 4; lastKnownFileType = sourcecode.c.h; path = TimeSignatureController.h; sourceTree = "<group>"; };
		788709480AAD0F0C0057D6DD /* TimeSignatureController.m */ = {isa = PBXFileReference; fileEncoding = 4; lastKnownFileType = sourcecode.c.objc; path = TimeSignatureController.m; sourceTree = "<group>"; };
		7887094A0AAD0F170057D6DD /* KeySignatureController.h */ = {isa = PBXFileReference; fileEncoding = 4; lastKnownFileType = sourcecode.c.h; path = KeySignatureController.h; sourceTree = "<group>"; };
		7887094B0AAD0F170057D6DD /* KeySignatureController.m */ = {isa = PBXFileReference; fileEncoding = 4; lastKnownFileType = sourcecode.c.objc; path = KeySignatureController.m; sourceTree = "<group>"; };
		78870A070AAD172A0057D6DD /* ScoreController.h */ = {isa = PBXFileReference; fileEncoding = 4; lastKnownFileType = sourcecode.c.h; path = ScoreController.h; sourceTree = "<group>"; };
		78870A080AAD172A0057D6DD /* ScoreController.m */ = {isa = PBXFileReference; fileEncoding = 4; lastKnownFileType = sourcecode.c.objc; path = ScoreController.m; sourceTree = "<group>"; };
		789308FA0B548EEA0023F843 /* English */ = {isa = PBXFileReference; lastKnownFileType = folder; name = English; path = "English.lproj/Senor Staff Help"; sourceTree = "<group>"; };
		789324BE0B116FB300E2DEF2 /* ToolbarHelperController.m */ = {isa = PBXFileReference; fileEncoding = 30; lastKnownFileType = sourcecode.c.objc; path = ToolbarHelperController.m; sourceTree = "<group>"; };
		7893266D0B118A2D00E2DEF2 /* addstaff.png */ = {isa = PBXFileReference; lastKnownFileType = image.png; path = addstaff.png; sourceTree = "<group>"; };
		789BC2A20A1FFD2000597728 /* erest.png */ = {isa = PBXFileReference; lastKnownFileType = image.png; path = erest.png; sourceTree = "<group>"; };
		789BC2A30A1FFD2000597728 /* qrest.png */ = {isa = PBXFileReference; lastKnownFileType = image.png; path = qrest.png; sourceTree = "<group>"; };
		789BC2A40A1FFD2000597728 /* srest.png */ = {isa = PBXFileReference; lastKnownFileType = image.png; path = srest.png; sourceTree = "<group>"; };
		789BC2A50A1FFD2000597728 /* trest.png */ = {isa = PBXFileReference; lastKnownFileType = image.png; path = trest.png; sourceTree = "<group>"; };
		789C1CB70A524DA900572AA8 /* sstaff.icns */ = {isa = PBXFileReference; lastKnownFileType = image.icns; path = sstaff.icns; sourceTree = "<group>"; };
		78A608CF0B64502200DAE6DA /* playsel.png */ = {isa = PBXFileReference; lastKnownFileType = image.png; path = playsel.png; sourceTree = "<group>"; };
		78B224230B2FD48600047C6B /* Repeat.h */ = {isa = PBXFileReference; fileEncoding = 4; lastKnownFileType = sourcecode.c.h; path = Repeat.h; sourceTree = "<group>"; };
		78B224240B2FD48600047C6B /* Repeat.m */ = {isa = PBXFileReference; fileEncoding = 4; lastKnownFileType = sourcecode.c.objc; path = Repeat.m; sourceTree = "<group>"; };
		78B439720ABCBFE70068C522 /* ClefTarget.h */ = {isa = PBXFileReference; fileEncoding = 4; lastKnownFileType = sourcecode.c.h; path = ClefTarget.h; sourceTree = "<group>"; };
		78B439730ABCBFE70068C522 /* ClefTarget.m */ = {isa = PBXFileReference; fileEncoding = 4; lastKnownFileType = sourcecode.c.objc; path = ClefTarget.m; sourceTree = "<group>"; };
		78B43AB60ABCCC630068C522 /* TimeSigTarget.h */ = {isa = PBXFileReference; fileEncoding = 4; lastKnownFileType = sourcecode.c.h; path = TimeSigTarget.h; sourceTree = "<group>"; };
		78B43AB70ABCCC630068C522 /* TimeSigTarget.m */ = {isa = PBXFileReference; fileEncoding = 4; lastKnownFileType = sourcecode.c.objc; path = TimeSigTarget.m; sourceTree = "<group>"; };
		78B43ABB0ABCCCA20068C522 /* KeySigTarget.h */ = {isa = PBXFileReference; fileEncoding = 4; lastKnownFileType = sourcecode.c.h; path = KeySigTarget.h; sourceTree = "<group>"; };
		78B43ABC0ABCCCA20068C522 /* KeySigTarget.m */ = {isa = PBXFileReference; fileEncoding = 4; lastKnownFileType = sourcecode.c.objc; path = KeySigTarget.m; sourceTree = "<group>"; };
		78B43D130ABE4DB10068C522 /* TimeSignatureDraw.h */ = {isa = PBXFileReference; fileEncoding = 4; lastKnownFileType = sourcecode.c.h; path = TimeSignatureDraw.h; sourceTree = "<group>"; };
		78B43D140ABE4DB10068C522 /* TimeSignatureDraw.m */ = {isa = PBXFileReference; fileEncoding = 4; lastKnownFileType = sourcecode.c.objc; path = TimeSignatureDraw.m; sourceTree = "<group>"; };
		78B43D580ABE4F980068C522 /* KeySignatureDraw.h */ = {isa = PBXFileReference; fileEncoding = 4; lastKnownFileType = sourcecode.c.h; path = KeySignatureDraw.h; sourceTree = "<group>"; };
		78B43D590ABE4F980068C522 /* KeySignatureDraw.m */ = {isa = PBXFileReference; fileEncoding = 4; lastKnownFileType = sourcecode.c.objc; path = KeySignatureDraw.m; sourceTree = "<group>"; };
		78B9AE280B4A30BB00D41461 /* Sparkle.framework */ = {isa = PBXFileReference; lastKnownFileType = wrapper.framework; path = Sparkle.framework; sourceTree = "<group>"; };
		78BDB83A0A8AE15D00323E8A /* SongTest.h */ = {isa = PBXFileReference; fileEncoding = 4; lastKnownFileType = sourcecode.c.h; path = SongTest.h; sourceTree = "<group>"; };
		78BDB83B0A8AE15D00323E8A /* SongTest.m */ = {isa = PBXFileReference; fileEncoding = 4; lastKnownFileType = sourcecode.c.objc; path = SongTest.m; sourceTree = "<group>"; };
		78C52F330ACF4D6C006B5727 /* Chord.h */ = {isa = PBXFileReference; fileEncoding = 4; lastKnownFileType = sourcecode.c.h; path = Chord.h; sourceTree = "<group>"; };
		78C52F340ACF4D6C006B5727 /* Chord.m */ = {isa = PBXFileReference; fileEncoding = 4; lastKnownFileType = sourcecode.c.objc; path = Chord.m; sourceTree = "<group>"; };
		78DF755E0A42728F0058CF89 /* keysig_insert.png */ = {isa = PBXFileReference; lastKnownFileType = image.png; path = keysig_insert.png; sourceTree = "<group>"; };
		78DF75A30A4273D20058CF89 /* flat over.png */ = {isa = PBXFileReference; lastKnownFileType = image.png; path = "flat over.png"; sourceTree = "<group>"; };
		78DF75A40A4273D20058CF89 /* natural over.png */ = {isa = PBXFileReference; lastKnownFileType = image.png; path = "natural over.png"; sourceTree = "<group>"; };
		78DF75A50A4273D20058CF89 /* sharp over.png */ = {isa = PBXFileReference; lastKnownFileType = image.png; path = "sharp over.png"; sourceTree = "<group>"; };
		78DF76710A45F2020058CF89 /* KeySigPanel.nib */ = {isa = PBXFileReference; lastKnownFileType = wrapper.nib; path = KeySigPanel.nib; sourceTree = "<group>"; };
		78DF77D40A48DF0F0058CF89 /* NSView+Fade.h */ = {isa = PBXFileReference; fileEncoding = 4; lastKnownFileType = sourcecode.c.h; path = "NSView+Fade.h"; sourceTree = "<group>"; };
		78DF77D50A48DF0F0058CF89 /* NSView+Fade.m */ = {isa = PBXFileReference; fileEncoding = 4; lastKnownFileType = sourcecode.c.objc; path = "NSView+Fade.m"; sourceTree = "<group>"; };
		78E700B60A369A03008F8F40 /* NonScrollableScrollView.h */ = {isa = PBXFileReference; fileEncoding = 4; lastKnownFileType = sourcecode.c.h; path = NonScrollableScrollView.h; sourceTree = "<group>"; };
		78E700B70A369A03008F8F40 /* NonScrollableScrollView.m */ = {isa = PBXFileReference; fileEncoding = 4; lastKnownFileType = sourcecode.c.objc; path = NonScrollableScrollView.m; sourceTree = "<group>"; };
		78E74F7F0A4DD402005A67E4 /* TimeSignature.h */ = {isa = PBXFileReference; fileEncoding = 4; lastKnownFileType = sourcecode.c.h; path = TimeSignature.h; sourceTree = "<group>"; };
		78E74F800A4DD402005A67E4 /* TimeSignature.m */ = {isa = PBXFileReference; fileEncoding = 4; lastKnownFileType = sourcecode.c.objc; path = TimeSignature.m; sourceTree = "<group>"; };
		78E750CC0A4DDD0C005A67E4 /* timesig_insert.png */ = {isa = PBXFileReference; lastKnownFileType = image.png; path = timesig_insert.png; sourceTree = "<group>"; };
		78E758E40A4E4D2A005A67E4 /* TimeSigPanel.nib */ = {isa = PBXFileReference; lastKnownFileType = wrapper.nib; path = TimeSigPanel.nib; sourceTree = "<group>"; };
		78E759D30A4F73A7005A67E4 /* musicato.ttf */ = {isa = PBXFileReference; lastKnownFileType = file; path = musicato.ttf; sourceTree = "<group>"; };
		78E7F5FB0A353C5A008F8F40 /* StaffVerticalRuler.h */ = {isa = PBXFileReference; fileEncoding = 4; lastKnownFileType = sourcecode.c.h; path = StaffVerticalRuler.h; sourceTree = "<group>"; };
		78E7F5FC0A353C5A008F8F40 /* StaffVerticalRuler.m */ = {isa = PBXFileReference; fileEncoding = 4; lastKnownFileType = sourcecode.c.objc; path = StaffVerticalRuler.m; sourceTree = "<group>"; };
		78E7F7AA0A3543FE008F8F40 /* VerticalRuler-Info.plist */ = {isa = PBXFileReference; lastKnownFileType = text.xml; path = "VerticalRuler-Info.plist"; sourceTree = "<group>"; };
		78E7F7B20A354672008F8F40 /* StaffVerticalRulerComponent.h */ = {isa = PBXFileReference; fileEncoding = 4; lastKnownFileType = sourcecode.c.h; path = StaffVerticalRulerComponent.h; sourceTree = "<group>"; };
		78E7F7B30A354672008F8F40 /* StaffVerticalRulerComponent.m */ = {isa = PBXFileReference; fileEncoding = 4; lastKnownFileType = sourcecode.c.objc; path = StaffVerticalRulerComponent.m; sourceTree = "<group>"; };
		78E7F7E50A354F79008F8F40 /* StaffVerticalRulerComponent.nib */ = {isa = PBXFileReference; lastKnownFileType = wrapper.nib; path = StaffVerticalRulerComponent.nib; sourceTree = "<group>"; };
		78E829300A17FD6600DA31A3 /* CAMIDIEndpoints.cpp */ = {isa = PBXFileReference; fileEncoding = 30; lastKnownFileType = sourcecode.cpp.cpp; path = CAMIDIEndpoints.cpp; sourceTree = "<group>"; };
		78E829310A17FD6600DA31A3 /* CAMIDIEndpoints.h */ = {isa = PBXFileReference; fileEncoding = 30; lastKnownFileType = sourcecode.c.h; path = CAMIDIEndpoints.h; sourceTree = "<group>"; };
		78E82A0F0A17FF9800DA31A3 /* CAMIDIEndpointMenu2.h */ = {isa = PBXFileReference; fileEncoding = 30; lastKnownFileType = sourcecode.c.h; path = CAMIDIEndpointMenu2.h; sourceTree = "<group>"; };
		78E82A100A17FF9800DA31A3 /* CAMIDIEndpointMenu2.mm */ = {isa = PBXFileReference; fileEncoding = 30; lastKnownFileType = sourcecode.cpp.objcpp; path = CAMIDIEndpointMenu2.mm; sourceTree = "<group>"; };
		78E82A6F0A18027500DA31A3 /* CoreMIDI.framework */ = {isa = PBXFileReference; lastKnownFileType = wrapper.framework; name = CoreMIDI.framework; path = /System/Library/Frameworks/CoreMIDI.framework; sourceTree = "<absolute>"; };
		78E82A760A18028000DA31A3 /* CoreAudio.framework */ = {isa = PBXFileReference; lastKnownFileType = wrapper.framework; name = CoreAudio.framework; path = /System/Library/Frameworks/CoreAudio.framework; sourceTree = "<absolute>"; };
		78E82CA30A1863BC00DA31A3 /* treble.png */ = {isa = PBXFileReference; lastKnownFileType = image.png; path = treble.png; sourceTree = "<group>"; };
		78E82CEF0A18651A00DA31A3 /* bass.png */ = {isa = PBXFileReference; lastKnownFileType = image.png; path = bass.png; sourceTree = "<group>"; };
		78E82D590A1AD7E900DA31A3 /* KeySignature.h */ = {isa = PBXFileReference; fileEncoding = 4; lastKnownFileType = sourcecode.c.h; path = KeySignature.h; sourceTree = "<group>"; };
		78E82D5A0A1AD7E900DA31A3 /* KeySignature.m */ = {isa = PBXFileReference; fileEncoding = 4; lastKnownFileType = sourcecode.c.objc; path = KeySignature.m; sourceTree = "<group>"; };
		78EB67BC0A2583490069784F /* flat.png */ = {isa = PBXFileReference; lastKnownFileType = image.png; path = flat.png; sourceTree = "<group>"; };
		78EB67BD0A2583490069784F /* natural.png */ = {isa = PBXFileReference; lastKnownFileType = image.png; path = natural.png; sourceTree = "<group>"; };
		78EB67BE0A2583490069784F /* sharp.png */ = {isa = PBXFileReference; lastKnownFileType = image.png; path = sharp.png; sourceTree = "<group>"; };
		78F2DB210A33B3BE0052DB2C /* clefins_bass.png */ = {isa = PBXFileReference; lastKnownFileType = image.png; path = clefins_bass.png; sourceTree = "<group>"; };
		78F2DB220A33B3BE0052DB2C /* clefins_treble.png */ = {isa = PBXFileReference; lastKnownFileType = image.png; path = clefins_treble.png; sourceTree = "<group>"; };
		78F7816A0AD0780A009EDC26 /* ChordTest.h */ = {isa = PBXFileReference; fileEncoding = 4; lastKnownFileType = sourcecode.c.h; path = ChordTest.h; sourceTree = "<group>"; };
		78F7816B0AD0780A009EDC26 /* ChordTest.m */ = {isa = PBXFileReference; fileEncoding = 4; lastKnownFileType = sourcecode.c.objc; path = ChordTest.m; sourceTree = "<group>"; };
		78F785910AD09A0B009EDC26 /* ChordDraw.h */ = {isa = PBXFileReference; fileEncoding = 4; lastKnownFileType = sourcecode.c.h; path = ChordDraw.h; sourceTree = "<group>"; };
		78F785920AD09A0B009EDC26 /* ChordDraw.m */ = {isa = PBXFileReference; fileEncoding = 4; lastKnownFileType = sourcecode.c.objc; path = ChordDraw.m; sourceTree = "<group>"; };
		78F785950AD09A1B009EDC26 /* ChordController.h */ = {isa = PBXFileReference; fileEncoding = 4; lastKnownFileType = sourcecode.c.h; path = ChordController.h; sourceTree = "<group>"; };
		78F785960AD09A1B009EDC26 /* ChordController.m */ = {isa = PBXFileReference; fileEncoding = 4; lastKnownFileType = sourcecode.c.objc; path = ChordController.m; sourceTree = "<group>"; };
		78F78B500ADA1109009EDC26 /* ChordDrawTest.h */ = {isa = PBXFileReference; fileEncoding = 4; lastKnownFileType = sourcecode.c.h; path = ChordDrawTest.h; sourceTree = "<group>"; };
		78F78B510ADA1109009EDC26 /* ChordDrawTest.m */ = {isa = PBXFileReference; fileEncoding = 4; lastKnownFileType = sourcecode.c.objc; path = ChordDrawTest.m; sourceTree = "<group>"; };
		78F8BBB70A830A6900A2788D /* erest-over.png */ = {isa = PBXFileReference; lastKnownFileType = image.png; path = "erest-over.png"; sourceTree = "<group>"; };
		78F8BBB80A830A6900A2788D /* qrest-over.png */ = {isa = PBXFileReference; lastKnownFileType = image.png; path = "qrest-over.png"; sourceTree = "<group>"; };
		78F8BBB90A830A6900A2788D /* srest-over.png */ = {isa = PBXFileReference; lastKnownFileType = image.png; path = "srest-over.png"; sourceTree = "<group>"; };
		78F8BBBA0A830A6900A2788D /* trest-over.png */ = {isa = PBXFileReference; lastKnownFileType = image.png; path = "trest-over.png"; sourceTree = "<group>"; };
		78F9EFAA0A22BD9A00C06381 /* bass over.png */ = {isa = PBXFileReference; lastKnownFileType = image.png; path = "bass over.png"; sourceTree = "<group>"; };
		78F9EFAB0A22BD9A00C06381 /* treble over.png */ = {isa = PBXFileReference; lastKnownFileType = image.png; path = "treble over.png"; sourceTree = "<group>"; };
		78FA8CC60A0ECC0F00A37E39 /* Note.h */ = {isa = PBXFileReference; fileEncoding = 4; lastKnownFileType = sourcecode.c.h; path = Note.h; sourceTree = "<group>"; };
		78FA8CC70A0ECC0F00A37E39 /* Note.m */ = {isa = PBXFileReference; fileEncoding = 4; lastKnownFileType = sourcecode.c.objc; path = Note.m; sourceTree = "<group>"; };
		78FA8E090A0EEBF600A37E39 /* Clef.h */ = {isa = PBXFileReference; fileEncoding = 4; lastKnownFileType = sourcecode.c.h; path = Clef.h; sourceTree = "<group>"; };
		78FA8E0A0A0EEBF600A37E39 /* Clef.m */ = {isa = PBXFileReference; fileEncoding = 4; lastKnownFileType = sourcecode.c.objc; path = Clef.m; sourceTree = "<group>"; };
		8D15AC360486D014006FF6A4 /* Info.plist */ = {isa = PBXFileReference; fileEncoding = 4; lastKnownFileType = text.plist; path = Info.plist; sourceTree = "<group>"; };
		8D15AC370486D014006FF6A4 /* Señor Staff.app */ = {isa = PBXFileReference; explicitFileType = wrapper.application; includeInIndex = 0; path = "Señor Staff.app"; sourceTree = BUILT_PRODUCTS_DIR; };
/* End PBXFileReference section */

/* Begin PBXFrameworksBuildPhase section */
		7883C8960A86B5A5000E97DE /* Frameworks */ = {
			isa = PBXFrameworksBuildPhase;
			buildActionMask = 2147483647;
			files = (
			);
			runOnlyForDeploymentPostprocessing = 0;
		};
		8D15AC330486D014006FF6A4 /* Frameworks */ = {
			isa = PBXFrameworksBuildPhase;
			buildActionMask = 2147483647;
			files = (
				8D15AC340486D014006FF6A4 /* Cocoa.framework in Frameworks */,
				78E82A700A18027500DA31A3 /* CoreMIDI.framework in Frameworks */,
				78E82A770A18028000DA31A3 /* CoreAudio.framework in Frameworks */,
				7865F5A80AB4E10B00678461 /* AudioToolbox.framework in Frameworks */,
				787A95FA0B1BE389006FD236 /* Chomp.framework in Frameworks */,
				78B9AE3C0B4A30BB00D41461 /* Sparkle.framework in Frameworks */,
			);
			runOnlyForDeploymentPostprocessing = 0;
		};
/* End PBXFrameworksBuildPhase section */

/* Begin PBXGroup section */
		1058C7A6FEA54F5311CA2CBB /* Linked Frameworks */ = {
			isa = PBXGroup;
			children = (
				78B9AE280B4A30BB00D41461 /* Sparkle.framework */,
				788322170A6608EF003363D7 /* SenTestingKit.framework */,
				1058C7A7FEA54F5311CA2CBB /* Cocoa.framework */,
			);
			name = "Linked Frameworks";
			sourceTree = "<group>";
		};
		1058C7A8FEA54F5311CA2CBB /* Other Frameworks */ = {
			isa = PBXGroup;
			children = (
				7865F5970AB4E10B00678461 /* AudioToolbox.framework */,
				78E82A760A18028000DA31A3 /* CoreAudio.framework */,
				78E82A6F0A18027500DA31A3 /* CoreMIDI.framework */,
				2A37F4C4FDCFA73011CA2CEA /* AppKit.framework */,
				13E42FBA07B3F13500E4EEF1 /* CoreData.framework */,
				2A37F4C5FDCFA73011CA2CEA /* Foundation.framework */,
			);
			name = "Other Frameworks";
			sourceTree = "<group>";
		};
		19C28FB0FE9D524F11CA2CBB /* Products */ = {
			isa = PBXGroup;
			children = (
				8D15AC370486D014006FF6A4 /* Señor Staff.app */,
				7883C8990A86B5A5000E97DE /* Tests.octest */,
			);
			name = Products;
			sourceTree = "<group>";
		};
		2A37F4AAFDCFA73011CA2CEA /* Music Editor */ = {
			isa = PBXGroup;
			children = (
				7883222E0A660909003363D7 /* Test cases */,
				2A37F4ABFDCFA73011CA2CEA /* Classes */,
				2A37F4AFFDCFA73011CA2CEA /* Other Sources */,
				2A37F4B8FDCFA73011CA2CEA /* Resources */,
				2A37F4C3FDCFA73011CA2CEA /* Frameworks */,
				19C28FB0FE9D524F11CA2CBB /* Products */,
				78E7F7AA0A3543FE008F8F40 /* VerticalRuler-Info.plist */,
				788322130A660876003363D7 /* Tests-Info.plist */,
			);
			name = "Music Editor";
			sourceTree = "<group>";
		};
		2A37F4ABFDCFA73011CA2CEA /* Classes */ = {
			isa = PBXGroup;
			children = (
				788707780AAD005C0057D6DD /* Controller */,
				786EB9990A7878DD009D63DD /* View */,
				78E82B7B0A18048B00DA31A3 /* MIDI endpoint selection */,
				7841FDD50A0B1E1E00292132 /* Model */,
				2A37F4AEFDCFA73011CA2CEA /* MusicDocument.h */,
				2A37F4ACFDCFA73011CA2CEA /* MusicDocument.m */,
				78E7F5FB0A353C5A008F8F40 /* StaffVerticalRuler.h */,
				78E7F5FC0A353C5A008F8F40 /* StaffVerticalRuler.m */,
				78E7F7B20A354672008F8F40 /* StaffVerticalRulerComponent.h */,
				78E7F7B30A354672008F8F40 /* StaffVerticalRulerComponent.m */,
				78E700B60A369A03008F8F40 /* NonScrollableScrollView.h */,
				78E700B70A369A03008F8F40 /* NonScrollableScrollView.m */,
				78DF77D40A48DF0F0058CF89 /* NSView+Fade.h */,
				78DF77D50A48DF0F0058CF89 /* NSView+Fade.m */,
				78830F7C0A60841A003363D7 /* StaffHorizontalRulerComponent.h */,
				78830F7D0A60841A003363D7 /* StaffHorizontalRulerComponent.m */,
				787A93550B1A4219006FD236 /* NSPopUpButton+Images.h */,
				787A93560B1A4219006FD236 /* NSPopUpButton+Images.m */,
				786B73480B51B806004297F2 /* NSArray+SenorStaff.h */,
				786B73490B51B806004297F2 /* NSArray+SenorStaff.m */,
			);
			name = Classes;
			sourceTree = "<group>";
		};
		2A37F4AFFDCFA73011CA2CEA /* Other Sources */ = {
			isa = PBXGroup;
			children = (
				32DBCF750370BD2300C91783 /* Music Editor_Prefix.pch */,
				2A37F4B0FDCFA73011CA2CEA /* main.m */,
			);
			name = "Other Sources";
			sourceTree = "<group>";
		};
		2A37F4B8FDCFA73011CA2CEA /* Resources */ = {
			isa = PBXGroup;
			children = (
				789308F90B548EEA0023F843 /* Senor Staff Help */,
				788321110A636D64003363D7 /* doc.icns */,
				789C1CB70A524DA900572AA8 /* sstaff.icns */,
				78E759D30A4F73A7005A67E4 /* musicato.ttf */,
				78E7F7E50A354F79008F8F40 /* StaffVerticalRulerComponent.nib */,
				78F2DB200A33B39E0052DB2C /* images */,
				2A37F4B6FDCFA73011CA2CEA /* MainMenu.nib */,
				8D15AC360486D014006FF6A4 /* Info.plist */,
				089C165FFE840EACC02AAC07 /* InfoPlist.strings */,
				7841FD2C0A09D29B00292132 /* MusicDocument.nib */,
				78DF76710A45F2020058CF89 /* KeySigPanel.nib */,
				78E758E40A4E4D2A005A67E4 /* TimeSigPanel.nib */,
				785EE9CE0A589031005ABDAB /* StaffHorizontalRulerComponent.nib */,
				787A93CA0B1A4FE7006FD236 /* LICENSE */,
				780934E70B310E6900E2F980 /* RepeatCountPanel.nib */,
			);
			name = Resources;
			sourceTree = "<group>";
		};
		2A37F4C3FDCFA73011CA2CEA /* Frameworks */ = {
			isa = PBXGroup;
			children = (
				787A95F30B1BE389006FD236 /* Chomp.framework */,
				1058C7A6FEA54F5311CA2CBB /* Linked Frameworks */,
				1058C7A8FEA54F5311CA2CBB /* Other Frameworks */,
			);
			name = Frameworks;
			sourceTree = "<group>";
		};
		7841FDD50A0B1E1E00292132 /* Model */ = {
			isa = PBXGroup;
			children = (
				7841FD8A0A0B08B800292132 /* Song.h */,
				7841FD8B0A0B08B800292132 /* Song.m */,
				7841FDD60A0B1E3100292132 /* Measure.h */,
				7841FDD70A0B1E3100292132 /* Measure.m */,
				78683A190A0E8A72001DE5BB /* Staff.h */,
				78683A1A0A0E8A72001DE5BB /* Staff.m */,
				78FA8CC60A0ECC0F00A37E39 /* Note.h */,
				78FA8CC70A0ECC0F00A37E39 /* Note.m */,
				78FA8E090A0EEBF600A37E39 /* Clef.h */,
				78FA8E0A0A0EEBF600A37E39 /* Clef.m */,
				78E82D590A1AD7E900DA31A3 /* KeySignature.h */,
				78E82D5A0A1AD7E900DA31A3 /* KeySignature.m */,
				78E74F7F0A4DD402005A67E4 /* TimeSignature.h */,
				78E74F800A4DD402005A67E4 /* TimeSignature.m */,
				785EEA510A58B430005ABDAB /* TempoData.h */,
				785EEA520A58B430005ABDAB /* TempoData.m */,
				786EBA460A7894E2009D63DD /* Rest.h */,
				786EBA470A7894E2009D63DD /* Rest.m */,
				784AFBB60A7F1C9A00832B7C /* NoteBase.h */,
				784AFBB70A7F1C9A00832B7C /* NoteBase.m */,
				78C52F330ACF4D6C006B5727 /* Chord.h */,
				78C52F340ACF4D6C006B5727 /* Chord.m */,
				786BD6C30B238FAB002D16A3 /* DrumKit.h */,
				786BD6C40B238FAB002D16A3 /* DrumKit.m */,
				786BD89A0B23AFFF002D16A3 /* ChromaticKeySignature.h */,
				786BD89B0B23AFFF002D16A3 /* ChromaticKeySignature.m */,
				78B224230B2FD48600047C6B /* Repeat.h */,
				78B224240B2FD48600047C6B /* Repeat.m */,
				787A0B6B0B53648000926563 /* CompoundTimeSig.h */,
				787A0B6C0B53648000926563 /* CompoundTimeSig.m */,
			);
			name = Model;
			sourceTree = "<group>";
		};
		786EB9990A7878DD009D63DD /* View */ = {
			isa = PBXGroup;
			children = (
				78124F840AAB6C6500D20E98 /* ScoreView.h */,
				78124F850AAB6C6500D20E98 /* ScoreView.m */,
				786EB99D0A787985009D63DD /* NoteDraw.h */,
				786EB99E0A787985009D63DD /* NoteDraw.m */,
				786EBA580A789651009D63DD /* RestDraw.h */,
				786EBA590A789651009D63DD /* RestDraw.m */,
				786EBB6C0A7C7A36009D63DD /* MeasureDraw.h */,
				786EBB6D0A7C7A36009D63DD /* MeasureDraw.m */,
				786EBBA20A7C7C98009D63DD /* ClefDraw.h */,
				786EBBA30A7C7C98009D63DD /* ClefDraw.m */,
				7865F0460AB333C200678461 /* StaffDraw.h */,
				7865F0470AB333C200678461 /* StaffDraw.m */,
				78B43D130ABE4DB10068C522 /* TimeSignatureDraw.h */,
				78B43D140ABE4DB10068C522 /* TimeSignatureDraw.m */,
				78B43D580ABE4F980068C522 /* KeySignatureDraw.h */,
				78B43D590ABE4F980068C522 /* KeySignatureDraw.m */,
				78F785910AD09A0B009EDC26 /* ChordDraw.h */,
				78F785920AD09A0B009EDC26 /* ChordDraw.m */,
				787A94EB0B1AA7C9006FD236 /* DrumMeasureDraw.h */,
				787A94EC0B1AA7C9006FD236 /* DrumMeasureDraw.m */,
				786BDA180B251B8C002D16A3 /* DrumStaffDraw.h */,
				786BDA190B251B8C002D16A3 /* DrumStaffDraw.m */,
				787A0C080B53726600926563 /* CompoundTimeSigDraw.h */,
				787A0C090B53726600926563 /* CompoundTimeSigDraw.m */,
			);
			name = View;
			sourceTree = "<group>";
		};
		7883222E0A660909003363D7 /* Test cases */ = {
			isa = PBXGroup;
			children = (
				7883C7E00A86B05A000E97DE /* StaffTest.h */,
				7883C7E10A86B05A000E97DE /* StaffTest.m */,
				786A93F00A89822B0006F54C /* MeasureTest.h */,
				786A93F10A89822B0006F54C /* MeasureTest.m */,
				78BDB83A0A8AE15D00323E8A /* SongTest.h */,
				78BDB83B0A8AE15D00323E8A /* SongTest.m */,
				784E44060A957C2500BE86EF /* NoteTest.h */,
				784E44070A957C2500BE86EF /* NoteTest.m */,
				786401290AA27B8B0015A0AC /* KeySigTest.h */,
				7864012A0AA27B8B0015A0AC /* KeySigTest.m */,
				788707BC0AAD04660057D6DD /* TempoDataTest.h */,
				788707BD0AAD04660057D6DD /* TempoDataTest.m */,
				78F7816A0AD0780A009EDC26 /* ChordTest.h */,
				78F7816B0AD0780A009EDC26 /* ChordTest.m */,
				78F78B500ADA1109009EDC26 /* ChordDrawTest.h */,
				78F78B510ADA1109009EDC26 /* ChordDrawTest.m */,
			);
			name = "Test cases";
			sourceTree = "<group>";
		};
		788707780AAD005C0057D6DD /* Controller */ = {
			isa = PBXGroup;
			children = (
				7841FD7D0A0B073B00292132 /* MEWindowController.h */,
				7841FD7E0A0B073B00292132 /* MEWindowController.m */,
				788707820AAD00850057D6DD /* MeasureController.h */,
				788707830AAD00850057D6DD /* MeasureController.m */,
				7887082F0AAD08F50057D6DD /* StaffController.h */,
				788708300AAD08F50057D6DD /* StaffController.m */,
				7887091B0AAD0D690057D6DD /* NoteController.h */,
				7887091C0AAD0D690057D6DD /* NoteController.m */,
				788709440AAD0F010057D6DD /* ClefController.h */,
				788709450AAD0F010057D6DD /* ClefController.m */,
				788709470AAD0F0C0057D6DD /* TimeSignatureController.h */,
				788709480AAD0F0C0057D6DD /* TimeSignatureController.m */,
				7887094A0AAD0F170057D6DD /* KeySignatureController.h */,
				7887094B0AAD0F170057D6DD /* KeySignatureController.m */,
				78870A070AAD172A0057D6DD /* ScoreController.h */,
				78870A080AAD172A0057D6DD /* ScoreController.m */,
				78B439720ABCBFE70068C522 /* ClefTarget.h */,
				78B439730ABCBFE70068C522 /* ClefTarget.m */,
				78B43AB60ABCCC630068C522 /* TimeSigTarget.h */,
				78B43AB70ABCCC630068C522 /* TimeSigTarget.m */,
				78B43ABB0ABCCCA20068C522 /* KeySigTarget.h */,
				78B43ABC0ABCCCA20068C522 /* KeySigTarget.m */,
				78F785950AD09A1B009EDC26 /* ChordController.h */,
				78F785960AD09A1B009EDC26 /* ChordController.m */,
				7813C38D0B11692100CE7F59 /* ToolbarHelperController.h */,
				789324BE0B116FB300E2DEF2 /* ToolbarHelperController.m */,
				787A953E0B1AA991006FD236 /* DrumMeasureController.h */,
				787A953F0B1AA991006FD236 /* DrumMeasureController.m */,
				787A0C100B5372A600926563 /* CompoundTimeSigController.h */,
				787A0C110B5372A600926563 /* CompoundTimeSigController.m */,
			);
			name = Controller;
			sourceTree = "<group>";
		};
		78E82B7B0A18048B00DA31A3 /* MIDI endpoint selection */ = {
			isa = PBXGroup;
			children = (
				78E82A0F0A17FF9800DA31A3 /* CAMIDIEndpointMenu2.h */,
				78E82A100A17FF9800DA31A3 /* CAMIDIEndpointMenu2.mm */,
				78E829300A17FD6600DA31A3 /* CAMIDIEndpoints.cpp */,
				78E829310A17FD6600DA31A3 /* CAMIDIEndpoints.h */,
			);
			name = "MIDI endpoint selection";
			sourceTree = "<group>";
		};
		78F2DB200A33B39E0052DB2C /* images */ = {
			isa = PBXGroup;
			children = (
				78A608CF0B64502200DAE6DA /* playsel.png */,
				787A938C0B1A439A006FD236 /* qnote_t.png */,
				787A92510B17E5E8006FD236 /* pointer.png */,
				787A92080B17DE67006FD236 /* enote.png */,
				787A920A0B17DE67006FD236 /* hnote.png */,
				787A920D0B17DE67006FD236 /* snote.png */,
				787A920F0B17DE67006FD236 /* tnote.png */,
				787A92110B17DE67006FD236 /* wnote.png */,
				787A91560B159A66006FD236 /* tietoprev.png */,
				787A91540B159992006FD236 /* dotted.png */,
				7893266D0B118A2D00E2DEF2 /* addstaff.png */,
				7813C3890B1168FE00CE7F59 /* play.png */,
				7813C3870B1168E300CE7F59 /* stop.png */,
				78F8BBB70A830A6900A2788D /* erest-over.png */,
				78F8BBB80A830A6900A2788D /* qrest-over.png */,
				78F8BBB90A830A6900A2788D /* srest-over.png */,
				78F8BBBA0A830A6900A2788D /* trest-over.png */,
				785EE9F50A5891DE005ABDAB /* qnote.png */,
				78E750CC0A4DDD0C005A67E4 /* timesig_insert.png */,
				78DF75A30A4273D20058CF89 /* flat over.png */,
				78DF75A40A4273D20058CF89 /* natural over.png */,
				78DF75A50A4273D20058CF89 /* sharp over.png */,
				78DF755E0A42728F0058CF89 /* keysig_insert.png */,
				78EB67BC0A2583490069784F /* flat.png */,
				78F2DB210A33B3BE0052DB2C /* clefins_bass.png */,
				78F2DB220A33B3BE0052DB2C /* clefins_treble.png */,
				78EB67BD0A2583490069784F /* natural.png */,
				78EB67BE0A2583490069784F /* sharp.png */,
				78F9EFAA0A22BD9A00C06381 /* bass over.png */,
				78F9EFAB0A22BD9A00C06381 /* treble over.png */,
				789BC2A20A1FFD2000597728 /* erest.png */,
				789BC2A30A1FFD2000597728 /* qrest.png */,
				789BC2A40A1FFD2000597728 /* srest.png */,
				789BC2A50A1FFD2000597728 /* trest.png */,
				78E82CEF0A18651A00DA31A3 /* bass.png */,
				78E82CA30A1863BC00DA31A3 /* treble.png */,
			);
			name = images;
			sourceTree = "<group>";
		};
/* End PBXGroup section */

/* Begin PBXNativeTarget section */
		7883C8980A86B5A5000E97DE /* Tests */ = {
			isa = PBXNativeTarget;
			buildConfigurationList = 7883C8AD0A86B5A8000E97DE /* Build configuration list for PBXNativeTarget "Tests" */;
			buildPhases = (
				7883C8940A86B5A5000E97DE /* Resources */,
				7883C8950A86B5A5000E97DE /* Sources */,
				7883C8960A86B5A5000E97DE /* Frameworks */,
				7883C8970A86B5A5000E97DE /* ShellScript */,
				78B9AE3D0B4A30C700D41461 /* CopyFiles */,
			);
			buildRules = (
			);
			dependencies = (
				7883C8B10A86B5BF000E97DE /* PBXTargetDependency */,
			);
			name = Tests;
			productName = Tests;
			productReference = 7883C8990A86B5A5000E97DE /* Tests.octest */;
			productType = "com.apple.product-type.bundle";
		};
		8D15AC270486D014006FF6A4 /* Señor Staff */ = {
			isa = PBXNativeTarget;
			buildConfigurationList = C05733C708A9546B00998B17 /* Build configuration list for PBXNativeTarget "Señor Staff" */;
			buildPhases = (
				788321360A636E66003363D7 /* Rez */,
				8D15AC2B0486D014006FF6A4 /* Resources */,
				8D15AC300486D014006FF6A4 /* Sources */,
				8D15AC330486D014006FF6A4 /* Frameworks */,
				78F783DB0AD08478009EDC26 /* CopyFiles */,
				78B9AE400B4A30D100D41461 /* CopyFiles */,
			);
			buildRules = (
			);
			dependencies = (
			);
			name = "Señor Staff";
			productInstallPath = "$(HOME)/Applications";
			productName = "Music Editor";
			productReference = 8D15AC370486D014006FF6A4 /* Señor Staff.app */;
			productType = "com.apple.product-type.application";
		};
/* End PBXNativeTarget section */

/* Begin PBXProject section */
		2A37F4A9FDCFA73011CA2CEA /* Project object */ = {
			isa = PBXProject;
			buildConfigurationList = C05733CB08A9546B00998B17 /* Build configuration list for PBXProject "Señor Staff" */;
			hasScannedForEncodings = 1;
			mainGroup = 2A37F4AAFDCFA73011CA2CEA /* Music Editor */;
			projectDirPath = "";
			targets = (
				8D15AC270486D014006FF6A4 /* Señor Staff */,
				7883C8980A86B5A5000E97DE /* Tests */,
			);
		};
/* End PBXProject section */

/* Begin PBXResourcesBuildPhase section */
		7883C8940A86B5A5000E97DE /* Resources */ = {
			isa = PBXResourcesBuildPhase;
			buildActionMask = 2147483647;
			files = (
			);
			runOnlyForDeploymentPostprocessing = 0;
		};
		8D15AC2B0486D014006FF6A4 /* Resources */ = {
			isa = PBXResourcesBuildPhase;
			buildActionMask = 2147483647;
			files = (
				8D15AC2D0486D014006FF6A4 /* MainMenu.nib in Resources */,
				8D15AC2F0486D014006FF6A4 /* InfoPlist.strings in Resources */,
				7841FD2E0A09D29B00292132 /* MusicDocument.nib in Resources */,
				78E82CA40A1863BC00DA31A3 /* treble.png in Resources */,
				78E82CF00A18651A00DA31A3 /* bass.png in Resources */,
				789BC2A60A1FFD2000597728 /* erest.png in Resources */,
				789BC2A70A1FFD2000597728 /* qrest.png in Resources */,
				789BC2A80A1FFD2000597728 /* srest.png in Resources */,
				789BC2A90A1FFD2000597728 /* trest.png in Resources */,
				78F9EFAC0A22BD9A00C06381 /* bass over.png in Resources */,
				78F9EFAD0A22BD9A00C06381 /* treble over.png in Resources */,
				78EB67BF0A2583490069784F /* flat.png in Resources */,
				78EB67C00A2583490069784F /* natural.png in Resources */,
				78EB67C10A2583490069784F /* sharp.png in Resources */,
				78F2DB230A33B3BE0052DB2C /* clefins_bass.png in Resources */,
				78F2DB240A33B3BE0052DB2C /* clefins_treble.png in Resources */,
				78E7F7E60A354F79008F8F40 /* StaffVerticalRulerComponent.nib in Resources */,
				78DF755F0A42728F0058CF89 /* keysig_insert.png in Resources */,
				78DF75A60A4273D20058CF89 /* flat over.png in Resources */,
				78DF75A70A4273D20058CF89 /* natural over.png in Resources */,
				78DF75A80A4273D20058CF89 /* sharp over.png in Resources */,
				78DF76720A45F2020058CF89 /* KeySigPanel.nib in Resources */,
				78E750CD0A4DDD0C005A67E4 /* timesig_insert.png in Resources */,
				78E758E50A4E4D2A005A67E4 /* TimeSigPanel.nib in Resources */,
				78E759D40A4F73A7005A67E4 /* musicato.ttf in Resources */,
				789C1CB80A524DA900572AA8 /* sstaff.icns in Resources */,
				785EE9CF0A589031005ABDAB /* StaffHorizontalRulerComponent.nib in Resources */,
				785EE9F60A5891DE005ABDAB /* qnote.png in Resources */,
				788321120A636D65003363D7 /* doc.icns in Resources */,
				78F8BBBB0A830A6900A2788D /* erest-over.png in Resources */,
				78F8BBBC0A830A6900A2788D /* qrest-over.png in Resources */,
				78F8BBBD0A830A6900A2788D /* srest-over.png in Resources */,
				78F8BBBE0A830A6900A2788D /* trest-over.png in Resources */,
				7813C3880B1168E300CE7F59 /* stop.png in Resources */,
				7813C38A0B1168FE00CE7F59 /* play.png in Resources */,
				7893266E0B118A2E00E2DEF2 /* addstaff.png in Resources */,
				787A91550B159992006FD236 /* dotted.png in Resources */,
				787A91570B159A66006FD236 /* tietoprev.png in Resources */,
				787A92130B17DE67006FD236 /* enote.png in Resources */,
				787A92150B17DE67006FD236 /* hnote.png in Resources */,
				787A92180B17DE67006FD236 /* snote.png in Resources */,
				787A921A0B17DE67006FD236 /* tnote.png in Resources */,
				787A921C0B17DE67006FD236 /* wnote.png in Resources */,
				787A92520B17E5E8006FD236 /* pointer.png in Resources */,
				787A938D0B1A439A006FD236 /* qnote_t.png in Resources */,
				787A93CB0B1A4FE7006FD236 /* LICENSE in Resources */,
				780934E80B310E6900E2F980 /* RepeatCountPanel.nib in Resources */,
				789308FE0B548EEA0023F843 /* Senor Staff Help in Resources */,
				78A608D00B64502300DAE6DA /* playsel.png in Resources */,
			);
			runOnlyForDeploymentPostprocessing = 0;
		};
/* End PBXResourcesBuildPhase section */

/* Begin PBXRezBuildPhase section */
		788321360A636E66003363D7 /* Rez */ = {
			isa = PBXRezBuildPhase;
			buildActionMask = 2147483647;
			files = (
			);
			runOnlyForDeploymentPostprocessing = 0;
		};
/* End PBXRezBuildPhase section */

/* Begin PBXShellScriptBuildPhase section */
		7883C8970A86B5A5000E97DE /* ShellScript */ = {
			isa = PBXShellScriptBuildPhase;
			buildActionMask = 2147483647;
			files = (
			);
			inputPaths = (
			);
			outputPaths = (
			);
			runOnlyForDeploymentPostprocessing = 0;
			shellPath = /bin/sh;
			shellScript = "# Run the unit tests in this test bundle.\n\"${SYSTEM_DEVELOPER_DIR}/Tools/RunUnitTests\"\n";
		};
/* End PBXShellScriptBuildPhase section */

/* Begin PBXSourcesBuildPhase section */
		7883C8950A86B5A5000E97DE /* Sources */ = {
			isa = PBXSourcesBuildPhase;
			buildActionMask = 2147483647;
			files = (
				7883C8F70A86B666000E97DE /* StaffTest.m in Sources */,
				786A93F20A89822B0006F54C /* MeasureTest.m in Sources */,
				78BDB83C0A8AE15D00323E8A /* SongTest.m in Sources */,
				784E44080A957C2500BE86EF /* NoteTest.m in Sources */,
				7864012B0AA27B8B0015A0AC /* KeySigTest.m in Sources */,
				788707BE0AAD04660057D6DD /* TempoDataTest.m in Sources */,
				78F7816C0AD0780A009EDC26 /* ChordTest.m in Sources */,
				78F78B520ADA1109009EDC26 /* ChordDrawTest.m in Sources */,
			);
			runOnlyForDeploymentPostprocessing = 0;
		};
		8D15AC300486D014006FF6A4 /* Sources */ = {
			isa = PBXSourcesBuildPhase;
			buildActionMask = 2147483647;
			files = (
				8D15AC310486D014006FF6A4 /* MusicDocument.m in Sources */,
				8D15AC320486D014006FF6A4 /* main.m in Sources */,
				7841FD7F0A0B073B00292132 /* MEWindowController.m in Sources */,
				7841FD8C0A0B08B800292132 /* Song.m in Sources */,
				7841FDD80A0B1E3100292132 /* Measure.m in Sources */,
				78683A1B0A0E8A72001DE5BB /* Staff.m in Sources */,
				78FA8CC80A0ECC0F00A37E39 /* Note.m in Sources */,
				78FA8E0B0A0EEBF600A37E39 /* Clef.m in Sources */,
				78E829320A17FD6600DA31A3 /* CAMIDIEndpoints.cpp in Sources */,
				78E82A110A17FF9800DA31A3 /* CAMIDIEndpointMenu2.mm in Sources */,
				78E82D5B0A1AD7E900DA31A3 /* KeySignature.m in Sources */,
				78E7F5FD0A353C5A008F8F40 /* StaffVerticalRuler.m in Sources */,
				78E7F7B40A354672008F8F40 /* StaffVerticalRulerComponent.m in Sources */,
				78E700B80A369A03008F8F40 /* NonScrollableScrollView.m in Sources */,
				78DF77D60A48DF0F0058CF89 /* NSView+Fade.m in Sources */,
				78E74F810A4DD402005A67E4 /* TimeSignature.m in Sources */,
				785EEA530A58B430005ABDAB /* TempoData.m in Sources */,
				78830F7E0A60841A003363D7 /* StaffHorizontalRulerComponent.m in Sources */,
				786EB99F0A787985009D63DD /* NoteDraw.m in Sources */,
				786EBA480A7894E2009D63DD /* Rest.m in Sources */,
				786EBA5A0A789651009D63DD /* RestDraw.m in Sources */,
				786EBB6E0A7C7A36009D63DD /* MeasureDraw.m in Sources */,
				786EBBA40A7C7C98009D63DD /* ClefDraw.m in Sources */,
				784AFBB80A7F1C9A00832B7C /* NoteBase.m in Sources */,
				78124F860AAB6C6500D20E98 /* ScoreView.m in Sources */,
				788707840AAD00850057D6DD /* MeasureController.m in Sources */,
				788708310AAD08F50057D6DD /* StaffController.m in Sources */,
				7887091D0AAD0D690057D6DD /* NoteController.m in Sources */,
				788709460AAD0F010057D6DD /* ClefController.m in Sources */,
				788709490AAD0F0C0057D6DD /* TimeSignatureController.m in Sources */,
				7887094C0AAD0F170057D6DD /* KeySignatureController.m in Sources */,
				78870A090AAD172A0057D6DD /* ScoreController.m in Sources */,
				7865F0480AB333C200678461 /* StaffDraw.m in Sources */,
				78B439740ABCBFE70068C522 /* ClefTarget.m in Sources */,
				78B43AB80ABCCC630068C522 /* TimeSigTarget.m in Sources */,
				78B43ABD0ABCCCA20068C522 /* KeySigTarget.m in Sources */,
				78B43D150ABE4DB10068C522 /* TimeSignatureDraw.m in Sources */,
				78B43D5A0ABE4F980068C522 /* KeySignatureDraw.m in Sources */,
				78C52F350ACF4D6C006B5727 /* Chord.m in Sources */,
				78F785940AD09A0B009EDC26 /* ChordDraw.m in Sources */,
				78F785980AD09A1B009EDC26 /* ChordController.m in Sources */,
				789324BF0B116FB300E2DEF2 /* ToolbarHelperController.m in Sources */,
				787A93580B1A421A006FD236 /* NSPopUpButton+Images.m in Sources */,
				787A94EE0B1AA7C9006FD236 /* DrumMeasureDraw.m in Sources */,
				787A95410B1AA991006FD236 /* DrumMeasureController.m in Sources */,
				786BD6C60B238FAB002D16A3 /* DrumKit.m in Sources */,
				786BD89D0B23AFFF002D16A3 /* ChromaticKeySignature.m in Sources */,
				786BDA1B0B251B8C002D16A3 /* DrumStaffDraw.m in Sources */,
				78B224260B2FD48600047C6B /* Repeat.m in Sources */,
				786B734B0B51B806004297F2 /* NSArray+SenorStaff.m in Sources */,
				787A0B6E0B53648000926563 /* CompoundTimeSig.m in Sources */,
				787A0C0B0B53726600926563 /* CompoundTimeSigDraw.m in Sources */,
				787A0C130B5372A600926563 /* CompoundTimeSigController.m in Sources */,
			);
			runOnlyForDeploymentPostprocessing = 0;
		};
/* End PBXSourcesBuildPhase section */

/* Begin PBXTargetDependency section */
		7883C8B10A86B5BF000E97DE /* PBXTargetDependency */ = {
			isa = PBXTargetDependency;
			target = 8D15AC270486D014006FF6A4 /* Señor Staff */;
			targetProxy = 7883C8B00A86B5BF000E97DE /* PBXContainerItemProxy */;
		};
/* End PBXTargetDependency section */

/* Begin PBXVariantGroup section */
		089C165FFE840EACC02AAC07 /* InfoPlist.strings */ = {
			isa = PBXVariantGroup;
			children = (
				089C1660FE840EACC02AAC07 /* English */,
			);
			name = InfoPlist.strings;
			sourceTree = "<group>";
		};
		2A37F4B6FDCFA73011CA2CEA /* MainMenu.nib */ = {
			isa = PBXVariantGroup;
			children = (
				2A37F4B7FDCFA73011CA2CEA /* English */,
			);
			name = MainMenu.nib;
			sourceTree = "<group>";
		};
		7841FD2C0A09D29B00292132 /* MusicDocument.nib */ = {
			isa = PBXVariantGroup;
			children = (
				7841FD2D0A09D29B00292132 /* English */,
			);
			name = MusicDocument.nib;
			sourceTree = "<group>";
		};
		789308F90B548EEA0023F843 /* Senor Staff Help */ = {
			isa = PBXVariantGroup;
			children = (
				789308FA0B548EEA0023F843 /* English */,
			);
			name = "Senor Staff Help";
			sourceTree = "<group>";
		};
/* End PBXVariantGroup section */

/* Begin XCBuildConfiguration section */
		7883C8AE0A86B5A8000E97DE /* Debug */ = {
			isa = XCBuildConfiguration;
			buildSettings = {
				BUNDLE_LOADER = "$(BUILT_PRODUCTS_DIR)/Señor Staff.app/Contents/MacOS/Señor Staff";
				COPY_PHASE_STRIP = NO;
				GCC_DYNAMIC_NO_PIC = NO;
				GCC_ENABLE_FIX_AND_CONTINUE = NO;
				GCC_ENABLE_OBJC_EXCEPTIONS = YES;
				GCC_GENERATE_DEBUGGING_SYMBOLS = YES;
				GCC_MODEL_TUNING = G5;
				GCC_OPTIMIZATION_LEVEL = 0;
				GCC_PRECOMPILE_PREFIX_HEADER = NO;
				GCC_PREFIX_HEADER = "";
				INFOPLIST_FILE = "Tests-Info.plist";
				INSTALL_PATH = "$(USER_LIBRARY_DIR)/Bundles";
				OTHER_LDFLAGS = (
					"-framework",
					Cocoa,
					"-framework",
					SenTestingKit,
					"-undefined",
					dynamic_lookup,
				);
				PREBINDING = NO;
				PRODUCT_NAME = Tests;
				TEST_HOST = "$(BUNDLE_LOADER)";
				WRAPPER_EXTENSION = octest;
				ZERO_LINK = NO;
			};
			name = Debug;
		};
		7883C8AF0A86B5A8000E97DE /* Release */ = {
			isa = XCBuildConfiguration;
			buildSettings = {
				BUNDLE_LOADER = "$(BUILT_PRODUCTS_DIR)/Señor Staff.app/Contents/MacOS/Señor Staff";
				COPY_PHASE_STRIP = YES;
				GCC_ENABLE_FIX_AND_CONTINUE = NO;
				GCC_ENABLE_OBJC_EXCEPTIONS = YES;
				GCC_GENERATE_DEBUGGING_SYMBOLS = NO;
				GCC_MODEL_TUNING = G5;
				GCC_PRECOMPILE_PREFIX_HEADER = YES;
				GCC_PREFIX_HEADER = "$(SYSTEM_LIBRARY_DIR)/Frameworks/Cocoa.framework/Headers/Cocoa.h";
				INFOPLIST_FILE = "Tests-Info.plist";
				INSTALL_PATH = "$(USER_LIBRARY_DIR)/Bundles";
				OTHER_LDFLAGS = (
					"-framework",
					Cocoa,
					"-framework",
					SenTestingKit,
				);
				PREBINDING = NO;
				PRODUCT_NAME = Tests;
				TEST_HOST = "$(BUNDLE_LOADER)";
				WRAPPER_EXTENSION = octest;
				ZERO_LINK = NO;
			};
			name = Release;
		};
		C05733C808A9546B00998B17 /* Debug */ = {
			isa = XCBuildConfiguration;
			buildSettings = {
				COPY_PHASE_STRIP = NO;
				FRAMEWORK_SEARCH_PATHS = (
					"$(inherited)",
					"$(FRAMEWORK_SEARCH_PATHS_QUOTED_1)",
					"$(FRAMEWORK_SEARCH_PATHS_QUOTED_2)",
					"$(FRAMEWORK_SEARCH_PATHS_QUOTED_3)",
				);
				FRAMEWORK_SEARCH_PATHS_QUOTED_1 = "\"$(SRCROOT)\"";
				FRAMEWORK_SEARCH_PATHS_QUOTED_2 = "\"$(SRCROOT)\"";
				FRAMEWORK_SEARCH_PATHS_QUOTED_3 = "\"$(SRCROOT)\"";
				GCC_DYNAMIC_NO_PIC = NO;
				GCC_ENABLE_FIX_AND_CONTINUE = YES;
				GCC_MODEL_TUNING = G5;
				GCC_OPTIMIZATION_LEVEL = 0;
				INFOPLIST_FILE = Info.plist;
				INSTALL_PATH = "$(HOME)/Applications";
				KEEP_PRIVATE_EXTERNS = YES;
				PRODUCT_NAME = "Señor Staff";
				WRAPPER_EXTENSION = app;
				ZERO_LINK = NO;
			};
			name = Debug;
		};
		C05733C908A9546B00998B17 /* Release */ = {
			isa = XCBuildConfiguration;
			buildSettings = {
				ARCHS = (
					ppc,
					i386,
				);
				FRAMEWORK_SEARCH_PATHS = (
					"$(inherited)",
					"$(FRAMEWORK_SEARCH_PATHS_QUOTED_1)",
					"$(FRAMEWORK_SEARCH_PATHS_QUOTED_2)",
					"$(FRAMEWORK_SEARCH_PATHS_QUOTED_3)",
				);
				FRAMEWORK_SEARCH_PATHS_QUOTED_1 = "\"$(SRCROOT)\"";
				FRAMEWORK_SEARCH_PATHS_QUOTED_2 = "\"$(SRCROOT)\"";
				FRAMEWORK_SEARCH_PATHS_QUOTED_3 = "\"$(SRCROOT)\"";
				GCC_GENERATE_DEBUGGING_SYMBOLS = NO;
				GCC_MODEL_TUNING = G5;
				INFOPLIST_FILE = Info.plist;
				INSTALL_PATH = "$(HOME)/Applications";
				KEEP_PRIVATE_EXTERNS = YES;
				PRODUCT_NAME = "Señor Staff";
				WRAPPER_EXTENSION = app;
			};
			name = Release;
		};
		C05733CC08A9546B00998B17 /* Debug */ = {
			isa = XCBuildConfiguration;
			buildSettings = {
				GCC_WARN_ABOUT_RETURN_TYPE = YES;
				GCC_WARN_UNUSED_VARIABLE = YES;
				PREBINDING = NO;
				SDKROOT = /Developer/SDKs/MacOSX10.4u.sdk;
			};
			name = Debug;
		};
		C05733CD08A9546B00998B17 /* Release */ = {
			isa = XCBuildConfiguration;
			buildSettings = {
				ARCHS = (
					"$(NATIVE_ARCH)",
					ppc,
				);
				GCC_WARN_ABOUT_RETURN_TYPE = YES;
				GCC_WARN_UNUSED_VARIABLE = YES;
				PREBINDING = NO;
				SDKROOT = /Developer/SDKs/MacOSX10.4u.sdk;
			};
			name = Release;
		};
/* End XCBuildConfiguration section */

/* Begin XCConfigurationList section */
		7883C8AD0A86B5A8000E97DE /* Build configuration list for PBXNativeTarget "Tests" */ = {
			isa = XCConfigurationList;
			buildConfigurations = (
				7883C8AE0A86B5A8000E97DE /* Debug */,
				7883C8AF0A86B5A8000E97DE /* Release */,
			);
			defaultConfigurationIsVisible = 0;
			defaultConfigurationName = Release;
		};
		C05733C708A9546B00998B17 /* Build configuration list for PBXNativeTarget "Señor Staff" */ = {
			isa = XCConfigurationList;
			buildConfigurations = (
				C05733C808A9546B00998B17 /* Debug */,
				C05733C908A9546B00998B17 /* Release */,
			);
			defaultConfigurationIsVisible = 0;
			defaultConfigurationName = Release;
		};
		C05733CB08A9546B00998B17 /* Build configuration list for PBXProject "Señor Staff" */ = {
			isa = XCConfigurationList;
			buildConfigurations = (
				C05733CC08A9546B00998B17 /* Debug */,
				C05733CD08A9546B00998B17 /* Release */,
			);
			defaultConfigurationIsVisible = 0;
			defaultConfigurationName = Release;
		};
/* End XCConfigurationList section */
	};
	rootObject = 2A37F4A9FDCFA73011CA2CEA /* Project object */;
}
